// !$*UTF8*$!
{
	archiveVersion = 1;
	classes = {
	};
	objectVersion = 56;
	objects = {

/* Begin PBXBuildFile section */
		/* Main App */
		A1000001001 /* PomodoroAppApp.swift in Sources */ = {isa = PBXBuildFile; fileRef = A1000001000 /* PomodoroAppApp.swift */; };
		A1000002001 /* ContentView.swift in Sources */ = {isa = PBXBuildFile; fileRef = A1000002000 /* ContentView.swift */; };
		A1000003001 /* Assets.xcassets in Resources */ = {isa = PBXBuildFile; fileRef = A1000003000 /* Assets.xcassets */; };
		A1000004001 /* Preview Assets.xcassets in Resources */ = {isa = PBXBuildFile; fileRef = A1000004000 /* Preview Assets.xcassets */; };
		A1000005001 /* AuthorizationManager.swift in Sources */ = {isa = PBXBuildFile; fileRef = A1000005000 /* AuthorizationManager.swift */; };
		A1000006001 /* ShieldManager.swift in Sources */ = {isa = PBXBuildFile; fileRef = A1000006000 /* ShieldManager.swift */; };
		A1000007001 /* ActivityScheduler.swift in Sources */ = {isa = PBXBuildFile; fileRef = A1000007000 /* ActivityScheduler.swift */; };
		A1000008001 /* SharedDataManager.swift in Sources */ = {isa = PBXBuildFile; fileRef = A1000008000 /* SharedDataManager.swift */; };
		/* Additional Managers */
		B1000001001 /* PomodoroSession.swift in Sources */ = {isa = PBXBuildFile; fileRef = B1000001000 /* PomodoroSession.swift */; };
		B1000002001 /* TimerManager.swift in Sources */ = {isa = PBXBuildFile; fileRef = B1000002000 /* TimerManager.swift */; };
		B1000003001 /* NotificationManager.swift in Sources */ = {isa = PBXBuildFile; fileRef = B1000003000 /* NotificationManager.swift */; };
		/* Theme */
		B1000010001 /* Colors.swift in Sources */ = {isa = PBXBuildFile; fileRef = B1000010000 /* Colors.swift */; };
		B1000011001 /* Fonts.swift in Sources */ = {isa = PBXBuildFile; fileRef = B1000011000 /* Fonts.swift */; };
		B1000012001 /* Animations.swift in Sources */ = {isa = PBXBuildFile; fileRef = B1000012000 /* Animations.swift */; };
		/* Components */
		B1000020001 /* CircularProgressView.swift in Sources */ = {isa = PBXBuildFile; fileRef = B1000020000 /* CircularProgressView.swift */; };
		B1000021001 /* RoundedButton.swift in Sources */ = {isa = PBXBuildFile; fileRef = B1000021000 /* RoundedButton.swift */; };
		B1000022001 /* AnimatedTimerText.swift in Sources */ = {isa = PBXBuildFile; fileRef = B1000022000 /* AnimatedTimerText.swift */; };
		/* Views */
		B1000030001 /* TimerView.swift in Sources */ = {isa = PBXBuildFile; fileRef = B1000030000 /* TimerView.swift */; };
		B1000031001 /* AppSelectionView.swift in Sources */ = {isa = PBXBuildFile; fileRef = B1000031000 /* AppSelectionView.swift */; };
		B1000032001 /* SettingsView.swift in Sources */ = {isa = PBXBuildFile; fileRef = B1000032000 /* SettingsView.swift */; };
		B1000033001 /* AuthorizationRequestView.swift in Sources */ = {isa = PBXBuildFile; fileRef = B1000033000 /* AuthorizationRequestView.swift */; };

		/* Device Activity Monitor Extension */
		A2000001001 /* PomodoroActivityMonitor.swift in Sources */ = {isa = PBXBuildFile; fileRef = A2000001000 /* PomodoroActivityMonitor.swift */; };
		A2000002001 /* SharedDataManager.swift in Sources */ = {isa = PBXBuildFile; fileRef = A1000008000 /* SharedDataManager.swift */; };
		A2000003001 /* DeviceActivityMonitorExtension.appex in Embed Foundation Extensions */ = {isa = PBXBuildFile; fileRef = A2000000000 /* DeviceActivityMonitorExtension.appex */; settings = {ATTRIBUTES = (RemoveHeadersOnCopy, ); }; };

		/* Shield Configuration Extension */
		A3000001001 /* PomodoroShieldConfiguration.swift in Sources */ = {isa = PBXBuildFile; fileRef = A3000001000 /* PomodoroShieldConfiguration.swift */; };
		A3000002001 /* SharedDataManager.swift in Sources */ = {isa = PBXBuildFile; fileRef = A1000008000 /* SharedDataManager.swift */; };
		A3000003001 /* ShieldConfigurationExtension.appex in Embed Foundation Extensions */ = {isa = PBXBuildFile; fileRef = A3000000000 /* ShieldConfigurationExtension.appex */; settings = {ATTRIBUTES = (RemoveHeadersOnCopy, ); }; };

		/* Shield Action Extension */
		A4000001001 /* PomodoroShieldAction.swift in Sources */ = {isa = PBXBuildFile; fileRef = A4000001000 /* PomodoroShieldAction.swift */; };
		A4000002001 /* SharedDataManager.swift in Sources */ = {isa = PBXBuildFile; fileRef = A1000008000 /* SharedDataManager.swift */; };
		A4000003001 /* ShieldActionExtension.appex in Embed Foundation Extensions */ = {isa = PBXBuildFile; fileRef = A4000000000 /* ShieldActionExtension.appex */; settings = {ATTRIBUTES = (RemoveHeadersOnCopy, ); }; };
/* End PBXBuildFile section */

/* Begin PBXContainerItemProxy section */
		A2000004000 /* PBXContainerItemProxy */ = {
			isa = PBXContainerItemProxy;
			containerPortal = A0000000001 /* Project object */;
			proxyType = 1;
			remoteGlobalIDString = A2000000001;
			remoteInfo = DeviceActivityMonitorExtension;
		};
		A3000004000 /* PBXContainerItemProxy */ = {
			isa = PBXContainerItemProxy;
			containerPortal = A0000000001 /* Project object */;
			proxyType = 1;
			remoteGlobalIDString = A3000000001;
			remoteInfo = ShieldConfigurationExtension;
		};
		A4000004000 /* PBXContainerItemProxy */ = {
			isa = PBXContainerItemProxy;
			containerPortal = A0000000001 /* Project object */;
			proxyType = 1;
			remoteGlobalIDString = A4000000001;
			remoteInfo = ShieldActionExtension;
		};
/* End PBXContainerItemProxy section */

/* Begin PBXCopyFilesBuildPhase section */
		A1000010000 /* Embed Foundation Extensions */ = {
			isa = PBXCopyFilesBuildPhase;
			buildActionMask = 2147483647;
			dstPath = "";
			dstSubfolderSpec = 13;
			files = (
				A2000003001 /* DeviceActivityMonitorExtension.appex in Embed Foundation Extensions */,
				A3000003001 /* ShieldConfigurationExtension.appex in Embed Foundation Extensions */,
				A4000003001 /* ShieldActionExtension.appex in Embed Foundation Extensions */,
			);
			name = "Embed Foundation Extensions";
			runOnlyForDeploymentPostprocessing = 0;
		};
/* End PBXCopyFilesBuildPhase section */

/* Begin PBXFileReference section */
		A1000000000 /* PomodoroApp.app */ = {isa = PBXFileReference; explicitFileType = wrapper.application; includeInIndex = 0; path = PomodoroApp.app; sourceTree = BUILT_PRODUCTS_DIR; };
		A1000001000 /* PomodoroAppApp.swift */ = {isa = PBXFileReference; lastKnownFileType = sourcecode.swift; path = PomodoroAppApp.swift; sourceTree = "<group>"; };
		A1000002000 /* ContentView.swift */ = {isa = PBXFileReference; lastKnownFileType = sourcecode.swift; path = ContentView.swift; sourceTree = "<group>"; };
		A1000003000 /* Assets.xcassets */ = {isa = PBXFileReference; lastKnownFileType = folder.assetcatalog; path = Assets.xcassets; sourceTree = "<group>"; };
		A1000004000 /* Preview Assets.xcassets */ = {isa = PBXFileReference; lastKnownFileType = folder.assetcatalog; path = "Preview Assets.xcassets"; sourceTree = "<group>"; };
		A1000005000 /* AuthorizationManager.swift */ = {isa = PBXFileReference; lastKnownFileType = sourcecode.swift; path = AuthorizationManager.swift; sourceTree = "<group>"; };
		A1000006000 /* ShieldManager.swift */ = {isa = PBXFileReference; lastKnownFileType = sourcecode.swift; path = ShieldManager.swift; sourceTree = "<group>"; };
		A1000007000 /* ActivityScheduler.swift */ = {isa = PBXFileReference; lastKnownFileType = sourcecode.swift; path = ActivityScheduler.swift; sourceTree = "<group>"; };
		A1000008000 /* SharedDataManager.swift */ = {isa = PBXFileReference; lastKnownFileType = sourcecode.swift; path = SharedDataManager.swift; sourceTree = "<group>"; };
		A1000009000 /* PomodoroApp.entitlements */ = {isa = PBXFileReference; lastKnownFileType = text.plist.entitlements; path = PomodoroApp.entitlements; sourceTree = "<group>"; };
		/* Additional Managers */
		B1000001000 /* PomodoroSession.swift */ = {isa = PBXFileReference; lastKnownFileType = sourcecode.swift; path = PomodoroSession.swift; sourceTree = "<group>"; };
		B1000002000 /* TimerManager.swift */ = {isa = PBXFileReference; lastKnownFileType = sourcecode.swift; path = TimerManager.swift; sourceTree = "<group>"; };
		B1000003000 /* NotificationManager.swift */ = {isa = PBXFileReference; lastKnownFileType = sourcecode.swift; path = NotificationManager.swift; sourceTree = "<group>"; };
		/* Theme */
		B1000010000 /* Colors.swift */ = {isa = PBXFileReference; lastKnownFileType = sourcecode.swift; path = Colors.swift; sourceTree = "<group>"; };
		B1000011000 /* Fonts.swift */ = {isa = PBXFileReference; lastKnownFileType = sourcecode.swift; path = Fonts.swift; sourceTree = "<group>"; };
		B1000012000 /* Animations.swift */ = {isa = PBXFileReference; lastKnownFileType = sourcecode.swift; path = Animations.swift; sourceTree = "<group>"; };
		/* Components */
		B1000020000 /* CircularProgressView.swift */ = {isa = PBXFileReference; lastKnownFileType = sourcecode.swift; path = CircularProgressView.swift; sourceTree = "<group>"; };
		B1000021000 /* RoundedButton.swift */ = {isa = PBXFileReference; lastKnownFileType = sourcecode.swift; path = RoundedButton.swift; sourceTree = "<group>"; };
		B1000022000 /* AnimatedTimerText.swift */ = {isa = PBXFileReference; lastKnownFileType = sourcecode.swift; path = AnimatedTimerText.swift; sourceTree = "<group>"; };
		/* Views */
		B1000030000 /* TimerView.swift */ = {isa = PBXFileReference; lastKnownFileType = sourcecode.swift; path = TimerView.swift; sourceTree = "<group>"; };
		B1000031000 /* AppSelectionView.swift */ = {isa = PBXFileReference; lastKnownFileType = sourcecode.swift; path = AppSelectionView.swift; sourceTree = "<group>"; };
		B1000032000 /* SettingsView.swift */ = {isa = PBXFileReference; lastKnownFileType = sourcecode.swift; path = SettingsView.swift; sourceTree = "<group>"; };
		B1000033000 /* AuthorizationRequestView.swift */ = {isa = PBXFileReference; lastKnownFileType = sourcecode.swift; path = AuthorizationRequestView.swift; sourceTree = "<group>"; };

		A2000000000 /* DeviceActivityMonitorExtension.appex */ = {isa = PBXFileReference; explicitFileType = "wrapper.app-extension"; includeInIndex = 0; path = DeviceActivityMonitorExtension.appex; sourceTree = BUILT_PRODUCTS_DIR; };
		A2000001000 /* PomodoroActivityMonitor.swift */ = {isa = PBXFileReference; lastKnownFileType = sourcecode.swift; path = PomodoroActivityMonitor.swift; sourceTree = "<group>"; };
		A2000005000 /* Info.plist */ = {isa = PBXFileReference; lastKnownFileType = text.plist.xml; path = Info.plist; sourceTree = "<group>"; };
		A2000006000 /* DeviceActivityMonitorExtension.entitlements */ = {isa = PBXFileReference; lastKnownFileType = text.plist.entitlements; path = DeviceActivityMonitorExtension.entitlements; sourceTree = "<group>"; };

		A3000000000 /* ShieldConfigurationExtension.appex */ = {isa = PBXFileReference; explicitFileType = "wrapper.app-extension"; includeInIndex = 0; path = ShieldConfigurationExtension.appex; sourceTree = BUILT_PRODUCTS_DIR; };
		A3000001000 /* PomodoroShieldConfiguration.swift */ = {isa = PBXFileReference; lastKnownFileType = sourcecode.swift; path = PomodoroShieldConfiguration.swift; sourceTree = "<group>"; };
		A3000005000 /* Info.plist */ = {isa = PBXFileReference; lastKnownFileType = text.plist.xml; path = Info.plist; sourceTree = "<group>"; };
		A3000006000 /* ShieldConfigurationExtension.entitlements */ = {isa = PBXFileReference; lastKnownFileType = text.plist.entitlements; path = ShieldConfigurationExtension.entitlements; sourceTree = "<group>"; };

		A4000000000 /* ShieldActionExtension.appex */ = {isa = PBXFileReference; explicitFileType = "wrapper.app-extension"; includeInIndex = 0; path = ShieldActionExtension.appex; sourceTree = BUILT_PRODUCTS_DIR; };
		A4000001000 /* PomodoroShieldAction.swift */ = {isa = PBXFileReference; lastKnownFileType = sourcecode.swift; path = PomodoroShieldAction.swift; sourceTree = "<group>"; };
		A4000005000 /* Info.plist */ = {isa = PBXFileReference; lastKnownFileType = text.plist.xml; path = Info.plist; sourceTree = "<group>"; };
		A4000006000 /* ShieldActionExtension.entitlements */ = {isa = PBXFileReference; lastKnownFileType = text.plist.entitlements; path = ShieldActionExtension.entitlements; sourceTree = "<group>"; };
/* End PBXFileReference section */

/* Begin PBXFrameworksBuildPhase section */
		A1000020000 /* Frameworks */ = {
			isa = PBXFrameworksBuildPhase;
			buildActionMask = 2147483647;
			files = (
			);
			runOnlyForDeploymentPostprocessing = 0;
		};
		A2000020000 /* Frameworks */ = {
			isa = PBXFrameworksBuildPhase;
			buildActionMask = 2147483647;
			files = (
			);
			runOnlyForDeploymentPostprocessing = 0;
		};
		A3000020000 /* Frameworks */ = {
			isa = PBXFrameworksBuildPhase;
			buildActionMask = 2147483647;
			files = (
			);
			runOnlyForDeploymentPostprocessing = 0;
		};
		A4000020000 /* Frameworks */ = {
			isa = PBXFrameworksBuildPhase;
			buildActionMask = 2147483647;
			files = (
			);
			runOnlyForDeploymentPostprocessing = 0;
		};
/* End PBXFrameworksBuildPhase section */

/* Begin PBXGroup section */
		A0000000000 = {
			isa = PBXGroup;
			children = (
				A1000030000 /* PomodoroApp */,
				A1000040000 /* Shared */,
				A2000030000 /* DeviceActivityMonitorExtension */,
				A3000030000 /* ShieldConfigurationExtension */,
				A4000030000 /* ShieldActionExtension */,
				A0000000002 /* Products */,
			);
			sourceTree = "<group>";
		};
		A0000000002 /* Products */ = {
			isa = PBXGroup;
			children = (
				A1000000000 /* PomodoroApp.app */,
				A2000000000 /* DeviceActivityMonitorExtension.appex */,
				A3000000000 /* ShieldConfigurationExtension.appex */,
				A4000000000 /* ShieldActionExtension.appex */,
			);
			name = Products;
			sourceTree = "<group>";
		};
		A1000030000 /* PomodoroApp */ = {
			isa = PBXGroup;
			children = (
				A1000001000 /* PomodoroAppApp.swift */,
				A1000031000 /* Views */,
				A1000032000 /* Managers */,
				B1000034000 /* Theme */,
				A1000003000 /* Assets.xcassets */,
				A1000009000 /* PomodoroApp.entitlements */,
				A1000033000 /* Preview Content */,
			);
			path = PomodoroApp;
			sourceTree = "<group>";
		};
		A1000031000 /* Views */ = {
			isa = PBXGroup;
			children = (
				A1000002000 /* ContentView.swift */,
				B1000030000 /* TimerView.swift */,
				B1000031000 /* AppSelectionView.swift */,
				B1000032000 /* SettingsView.swift */,
				B1000033000 /* AuthorizationRequestView.swift */,
				B1000035000 /* Components */,
			);
			path = Views;
			sourceTree = "<group>";
		};
		A1000032000 /* Managers */ = {
			isa = PBXGroup;
			children = (
				A1000005000 /* AuthorizationManager.swift */,
				A1000006000 /* ShieldManager.swift */,
				A1000007000 /* ActivityScheduler.swift */,
				B1000001000 /* PomodoroSession.swift */,
				B1000002000 /* TimerManager.swift */,
				B1000003000 /* NotificationManager.swift */,
			);
			path = Managers;
			sourceTree = "<group>";
		};
		A1000033000 /* Preview Content */ = {
			isa = PBXGroup;
			children = (
				A1000004000 /* Preview Assets.xcassets */,
			);
			path = "Preview Content";
			sourceTree = "<group>";
		};
		B1000034000 /* Theme */ = {
			isa = PBXGroup;
			children = (
				B1000010000 /* Colors.swift */,
				B1000011000 /* Fonts.swift */,
				B1000012000 /* Animations.swift */,
			);
			path = Theme;
			sourceTree = "<group>";
		};
		B1000035000 /* Components */ = {
			isa = PBXGroup;
			children = (
				B1000020000 /* CircularProgressView.swift */,
				B1000021000 /* RoundedButton.swift */,
				B1000022000 /* AnimatedTimerText.swift */,
			);
			path = Components;
			sourceTree = "<group>";
		};
		A1000040000 /* Shared */ = {
			isa = PBXGroup;
			children = (
				A1000008000 /* SharedDataManager.swift */,
			);
			path = Shared;
			sourceTree = "<group>";
		};
		A2000030000 /* DeviceActivityMonitorExtension */ = {
			isa = PBXGroup;
			children = (
				A2000001000 /* PomodoroActivityMonitor.swift */,
				A2000005000 /* Info.plist */,
				A2000006000 /* DeviceActivityMonitorExtension.entitlements */,
			);
			path = DeviceActivityMonitorExtension;
			sourceTree = "<group>";
		};
		A3000030000 /* ShieldConfigurationExtension */ = {
			isa = PBXGroup;
			children = (
				A3000001000 /* PomodoroShieldConfiguration.swift */,
				A3000005000 /* Info.plist */,
				A3000006000 /* ShieldConfigurationExtension.entitlements */,
			);
			path = ShieldConfigurationExtension;
			sourceTree = "<group>";
		};
		A4000030000 /* ShieldActionExtension */ = {
			isa = PBXGroup;
			children = (
				A4000001000 /* PomodoroShieldAction.swift */,
				A4000005000 /* Info.plist */,
				A4000006000 /* ShieldActionExtension.entitlements */,
			);
			path = ShieldActionExtension;
			sourceTree = "<group>";
		};
/* End PBXGroup section */

/* Begin PBXNativeTarget section */
		A1000000001 /* PomodoroApp */ = {
			isa = PBXNativeTarget;
			buildConfigurationList = A1000050000 /* Build configuration list for PBXNativeTarget "PomodoroApp" */;
			buildPhases = (
				A1000060000 /* Sources */,
				A1000020000 /* Frameworks */,
				A1000070000 /* Resources */,
			);
			buildRules = (
			);
			dependencies = (
			);
			name = PomodoroApp;
			productName = PomodoroApp;
			productReference = A1000000000 /* PomodoroApp.app */;
			productType = "com.apple.product-type.application";
		};
		A2000000001 /* DeviceActivityMonitorExtension */ = {
			isa = PBXNativeTarget;
			buildConfigurationList = A2000050000 /* Build configuration list for PBXNativeTarget "DeviceActivityMonitorExtension" */;
			buildPhases = (
				A2000060000 /* Sources */,
				A2000020000 /* Frameworks */,
				A2000070000 /* Resources */,
			);
			buildRules = (
			);
			dependencies = (
			);
			name = DeviceActivityMonitorExtension;
			productName = DeviceActivityMonitorExtension;
			productReference = A2000000000 /* DeviceActivityMonitorExtension.appex */;
			productType = "com.apple.product-type.app-extension";
		};
		A3000000001 /* ShieldConfigurationExtension */ = {
			isa = PBXNativeTarget;
			buildConfigurationList = A3000050000 /* Build configuration list for PBXNativeTarget "ShieldConfigurationExtension" */;
			buildPhases = (
				A3000060000 /* Sources */,
				A3000020000 /* Frameworks */,
				A3000070000 /* Resources */,
			);
			buildRules = (
			);
			dependencies = (
			);
			name = ShieldConfigurationExtension;
			productName = ShieldConfigurationExtension;
			productReference = A3000000000 /* ShieldConfigurationExtension.appex */;
			productType = "com.apple.product-type.app-extension";
		};
		A4000000001 /* ShieldActionExtension */ = {
			isa = PBXNativeTarget;
			buildConfigurationList = A4000050000 /* Build configuration list for PBXNativeTarget "ShieldActionExtension" */;
			buildPhases = (
				A4000060000 /* Sources */,
				A4000020000 /* Frameworks */,
				A4000070000 /* Resources */,
			);
			buildRules = (
			);
			dependencies = (
			);
			name = ShieldActionExtension;
			productName = ShieldActionExtension;
			productReference = A4000000000 /* ShieldActionExtension.appex */;
			productType = "com.apple.product-type.app-extension";
		};
/* End PBXNativeTarget section */

/* Begin PBXProject section */
		A0000000001 /* Project object */ = {
			isa = PBXProject;
			attributes = {
				BuildIndependentTargetsInParallel = 1;
				LastSwiftUpdateCheck = 1500;
				LastUpgradeCheck = 1500;
				TargetAttributes = {
					A1000000001 = {
						CreatedOnToolsVersion = 15.0;
					};
					A2000000001 = {
						CreatedOnToolsVersion = 15.0;
					};
					A3000000001 = {
						CreatedOnToolsVersion = 15.0;
					};
					A4000000001 = {
						CreatedOnToolsVersion = 15.0;
					};
				};
			};
			buildConfigurationList = A0000000003 /* Build configuration list for PBXProject "PomodoroApp" */;
			compatibilityVersion = "Xcode 14.0";
			developmentRegion = en;
			hasScannedForEncodings = 0;
			knownRegions = (
				en,
				Base,
			);
			mainGroup = A0000000000;
			productRefGroup = A0000000002 /* Products */;
			projectDirPath = "";
			projectRoot = "";
			targets = (
				A1000000001 /* PomodoroApp */,
				A2000000001 /* DeviceActivityMonitorExtension */,
				A3000000001 /* ShieldConfigurationExtension */,
				A4000000001 /* ShieldActionExtension */,
			);
		};
/* End PBXProject section */

/* Begin PBXResourcesBuildPhase section */
		A1000070000 /* Resources */ = {
			isa = PBXResourcesBuildPhase;
			buildActionMask = 2147483647;
			files = (
				A1000004001 /* Preview Assets.xcassets in Resources */,
				A1000003001 /* Assets.xcassets in Resources */,
			);
			runOnlyForDeploymentPostprocessing = 0;
		};
		A2000070000 /* Resources */ = {
			isa = PBXResourcesBuildPhase;
			buildActionMask = 2147483647;
			files = (
			);
			runOnlyForDeploymentPostprocessing = 0;
		};
		A3000070000 /* Resources */ = {
			isa = PBXResourcesBuildPhase;
			buildActionMask = 2147483647;
			files = (
			);
			runOnlyForDeploymentPostprocessing = 0;
		};
		A4000070000 /* Resources */ = {
			isa = PBXResourcesBuildPhase;
			buildActionMask = 2147483647;
			files = (
			);
			runOnlyForDeploymentPostprocessing = 0;
		};
/* End PBXResourcesBuildPhase section */

/* Begin PBXSourcesBuildPhase section */
		A1000060000 /* Sources */ = {
			isa = PBXSourcesBuildPhase;
			buildActionMask = 2147483647;
			files = (
				A1000001001 /* PomodoroAppApp.swift in Sources */,
				A1000002001 /* ContentView.swift in Sources */,
				A1000005001 /* AuthorizationManager.swift in Sources */,
				A1000006001 /* ShieldManager.swift in Sources */,
				A1000007001 /* ActivityScheduler.swift in Sources */,
				A1000008001 /* SharedDataManager.swift in Sources */,
				B1000001001 /* PomodoroSession.swift in Sources */,
				B1000002001 /* TimerManager.swift in Sources */,
				B1000003001 /* NotificationManager.swift in Sources */,
				B1000010001 /* Colors.swift in Sources */,
				B1000011001 /* Fonts.swift in Sources */,
				B1000012001 /* Animations.swift in Sources */,
				B1000020001 /* CircularProgressView.swift in Sources */,
				B1000021001 /* RoundedButton.swift in Sources */,
				B1000022001 /* AnimatedTimerText.swift in Sources */,
				B1000030001 /* TimerView.swift in Sources */,
				B1000031001 /* AppSelectionView.swift in Sources */,
				B1000032001 /* SettingsView.swift in Sources */,
				B1000033001 /* AuthorizationRequestView.swift in Sources */,
			);
			runOnlyForDeploymentPostprocessing = 0;
		};
		A2000060000 /* Sources */ = {
			isa = PBXSourcesBuildPhase;
			buildActionMask = 2147483647;
			files = (
				A2000001001 /* PomodoroActivityMonitor.swift in Sources */,
				A2000002001 /* SharedDataManager.swift in Sources */,
			);
			runOnlyForDeploymentPostprocessing = 0;
		};
		A3000060000 /* Sources */ = {
			isa = PBXSourcesBuildPhase;
			buildActionMask = 2147483647;
			files = (
				A3000001001 /* PomodoroShieldConfiguration.swift in Sources */,
				A3000002001 /* SharedDataManager.swift in Sources */,
			);
			runOnlyForDeploymentPostprocessing = 0;
		};
		A4000060000 /* Sources */ = {
			isa = PBXSourcesBuildPhase;
			buildActionMask = 2147483647;
			files = (
				A4000001001 /* PomodoroShieldAction.swift in Sources */,
				A4000002001 /* SharedDataManager.swift in Sources */,
			);
			runOnlyForDeploymentPostprocessing = 0;
		};
/* End PBXSourcesBuildPhase section */

/* Begin PBXTargetDependency section */
		A2000004001 /* PBXTargetDependency */ = {
			isa = PBXTargetDependency;
			target = A2000000001 /* DeviceActivityMonitorExtension */;
			targetProxy = A2000004000 /* PBXContainerItemProxy */;
		};
		A3000004001 /* PBXTargetDependency */ = {
			isa = PBXTargetDependency;
			target = A3000000001 /* ShieldConfigurationExtension */;
			targetProxy = A3000004000 /* PBXContainerItemProxy */;
		};
		A4000004001 /* PBXTargetDependency */ = {
			isa = PBXTargetDependency;
			target = A4000000001 /* ShieldActionExtension */;
			targetProxy = A4000004000 /* PBXContainerItemProxy */;
		};
/* End PBXTargetDependency section */

/* Begin XCBuildConfiguration section */
		/* Debug - Project */
		A0000000004 /* Debug */ = {
			isa = XCBuildConfiguration;
			buildSettings = {
				ALWAYS_SEARCH_USER_PATHS = NO;
				ASSETCATALOG_COMPILER_GENERATE_SWIFT_ASSET_SYMBOL_EXTENSIONS = YES;
				CLANG_ANALYZER_NONNULL = YES;
				CLANG_ANALYZER_NUMBER_OBJECT_CONVERSION = YES_AGGRESSIVE;
				CLANG_CXX_LANGUAGE_STANDARD = "gnu++20";
				CLANG_ENABLE_MODULES = YES;
				CLANG_ENABLE_OBJC_ARC = YES;
				CLANG_ENABLE_OBJC_WEAK = YES;
				CLANG_WARN_BLOCK_CAPTURE_AUTORELEASING = YES;
				CLANG_WARN_BOOL_CONVERSION = YES;
				CLANG_WARN_COMMA = YES;
				CLANG_WARN_CONSTANT_CONVERSION = YES;
				CLANG_WARN_DEPRECATED_OBJC_IMPLEMENTATIONS = YES;
				CLANG_WARN_DIRECT_OBJC_ISA_USAGE = YES_ERROR;
				CLANG_WARN_DOCUMENTATION_COMMENTS = YES;
				CLANG_WARN_EMPTY_BODY = YES;
				CLANG_WARN_ENUM_CONVERSION = YES;
				CLANG_WARN_INFINITE_RECURSION = YES;
				CLANG_WARN_INT_CONVERSION = YES;
				CLANG_WARN_NON_LITERAL_NULL_CONVERSION = YES;
				CLANG_WARN_OBJC_IMPLICIT_RETAIN_SELF = YES;
				CLANG_WARN_OBJC_LITERAL_CONVERSION = YES;
				CLANG_WARN_OBJC_ROOT_CLASS = YES_ERROR;
				CLANG_WARN_QUOTED_INCLUDE_IN_FRAMEWORK_HEADER = YES;
				CLANG_WARN_RANGE_LOOP_ANALYSIS = YES;
				CLANG_WARN_STRICT_PROTOTYPES = YES;
				CLANG_WARN_SUSPICIOUS_MOVE = YES;
				CLANG_WARN_UNGUARDED_AVAILABILITY = YES_AGGRESSIVE;
				CLANG_WARN_UNREACHABLE_CODE = YES;
				CLANG_WARN__DUPLICATE_METHOD_MATCH = YES;
				COPY_PHASE_STRIP = NO;
				DEBUG_INFORMATION_FORMAT = dwarf;
				ENABLE_STRICT_OBJC_MSGSEND = YES;
				ENABLE_TESTABILITY = YES;
				ENABLE_USER_SCRIPT_SANDBOXING = YES;
				GCC_C_LANGUAGE_STANDARD = gnu17;
				GCC_DYNAMIC_NO_PIC = NO;
				GCC_NO_COMMON_BLOCKS = YES;
				GCC_OPTIMIZATION_LEVEL = 0;
				GCC_PREPROCESSOR_DEFINITIONS = (
					"DEBUG=1",
					"$(inherited)",
				);
				GCC_WARN_64_TO_32_BIT_CONVERSION = YES;
				GCC_WARN_ABOUT_RETURN_TYPE = YES_ERROR;
				GCC_WARN_UNDECLARED_SELECTOR = YES;
				GCC_WARN_UNINITIALIZED_AUTOS = YES_AGGRESSIVE;
				GCC_WARN_UNUSED_FUNCTION = YES;
				GCC_WARN_UNUSED_VARIABLE = YES;
				IPHONEOS_DEPLOYMENT_TARGET = 16.0;
				LOCALIZATION_PREFERS_STRING_CATALOGS = YES;
				MTL_ENABLE_DEBUG_INFO = INCLUDE_SOURCE;
				MTL_FAST_MATH = YES;
				ONLY_ACTIVE_ARCH = YES;
				SDKROOT = iphoneos;
				SWIFT_ACTIVE_COMPILATION_CONDITIONS = "DEBUG $(inherited)";
				SWIFT_OPTIMIZATION_LEVEL = "-Onone";
			};
			name = Debug;
		};
		/* Release - Project */
		A0000000005 /* Release */ = {
			isa = XCBuildConfiguration;
			buildSettings = {
				ALWAYS_SEARCH_USER_PATHS = NO;
				ASSETCATALOG_COMPILER_GENERATE_SWIFT_ASSET_SYMBOL_EXTENSIONS = YES;
				CLANG_ANALYZER_NONNULL = YES;
				CLANG_ANALYZER_NUMBER_OBJECT_CONVERSION = YES_AGGRESSIVE;
				CLANG_CXX_LANGUAGE_STANDARD = "gnu++20";
				CLANG_ENABLE_MODULES = YES;
				CLANG_ENABLE_OBJC_ARC = YES;
				CLANG_ENABLE_OBJC_WEAK = YES;
				CLANG_WARN_BLOCK_CAPTURE_AUTORELEASING = YES;
				CLANG_WARN_BOOL_CONVERSION = YES;
				CLANG_WARN_COMMA = YES;
				CLANG_WARN_CONSTANT_CONVERSION = YES;
				CLANG_WARN_DEPRECATED_OBJC_IMPLEMENTATIONS = YES;
				CLANG_WARN_DIRECT_OBJC_ISA_USAGE = YES_ERROR;
				CLANG_WARN_DOCUMENTATION_COMMENTS = YES;
				CLANG_WARN_EMPTY_BODY = YES;
				CLANG_WARN_ENUM_CONVERSION = YES;
				CLANG_WARN_INFINITE_RECURSION = YES;
				CLANG_WARN_INT_CONVERSION = YES;
				CLANG_WARN_NON_LITERAL_NULL_CONVERSION = YES;
				CLANG_WARN_OBJC_IMPLICIT_RETAIN_SELF = YES;
				CLANG_WARN_OBJC_LITERAL_CONVERSION = YES;
				CLANG_WARN_OBJC_ROOT_CLASS = YES_ERROR;
				CLANG_WARN_QUOTED_INCLUDE_IN_FRAMEWORK_HEADER = YES;
				CLANG_WARN_RANGE_LOOP_ANALYSIS = YES;
				CLANG_WARN_STRICT_PROTOTYPES = YES;
				CLANG_WARN_SUSPICIOUS_MOVE = YES;
				CLANG_WARN_UNGUARDED_AVAILABILITY = YES_AGGRESSIVE;
				CLANG_WARN_UNREACHABLE_CODE = YES;
				CLANG_WARN__DUPLICATE_METHOD_MATCH = YES;
				COPY_PHASE_STRIP = NO;
				DEBUG_INFORMATION_FORMAT = "dwarf-with-dsym";
				ENABLE_NS_ASSERTIONS = NO;
				ENABLE_STRICT_OBJC_MSGSEND = YES;
				ENABLE_USER_SCRIPT_SANDBOXING = YES;
				GCC_C_LANGUAGE_STANDARD = gnu17;
				GCC_NO_COMMON_BLOCKS = YES;
				GCC_WARN_64_TO_32_BIT_CONVERSION = YES;
				GCC_WARN_ABOUT_RETURN_TYPE = YES_ERROR;
				GCC_WARN_UNDECLARED_SELECTOR = YES;
				GCC_WARN_UNINITIALIZED_AUTOS = YES_AGGRESSIVE;
				GCC_WARN_UNUSED_FUNCTION = YES;
				GCC_WARN_UNUSED_VARIABLE = YES;
				IPHONEOS_DEPLOYMENT_TARGET = 16.0;
				LOCALIZATION_PREFERS_STRING_CATALOGS = YES;
				MTL_ENABLE_DEBUG_INFO = NO;
				MTL_FAST_MATH = YES;
				SDKROOT = iphoneos;
				SWIFT_COMPILATION_MODE = wholemodule;
				VALIDATE_PRODUCT = YES;
			};
			name = Release;
		};
		/* Debug - PomodoroApp */
		A1000051000 /* Debug */ = {
			isa = XCBuildConfiguration;
			buildSettings = {
				ASSETCATALOG_COMPILER_APPICON_NAME = AppIcon;
				ASSETCATALOG_COMPILER_GLOBAL_ACCENT_COLOR_NAME = AccentColor;
				CODE_SIGN_ENTITLEMENTS = PomodoroApp/PomodoroApp.entitlements;
				CODE_SIGN_STYLE = Automatic;
				CURRENT_PROJECT_VERSION = 1;
				DEVELOPMENT_ASSET_PATHS = "\"PomodoroApp/Preview Content\"";
				ENABLE_PREVIEWS = YES;
				GENERATE_INFOPLIST_FILE = YES;
				INFOPLIST_KEY_UIApplicationSceneManifest_Generation = YES;
				INFOPLIST_KEY_UIApplicationSupportsIndirectInputEvents = YES;
				INFOPLIST_KEY_UILaunchScreen_Generation = YES;
				INFOPLIST_KEY_UISupportedInterfaceOrientations_iPad = "UIInterfaceOrientationPortrait UIInterfaceOrientationPortraitUpsideDown UIInterfaceOrientationLandscapeLeft UIInterfaceOrientationLandscapeRight";
				INFOPLIST_KEY_UISupportedInterfaceOrientations_iPhone = "UIInterfaceOrientationPortrait UIInterfaceOrientationLandscapeLeft UIInterfaceOrientationLandscapeRight";
				LD_RUNPATH_SEARCH_PATHS = (
					"$(inherited)",
					"@executable_path/Frameworks",
				);
				MARKETING_VERSION = 1.0;
				PRODUCT_BUNDLE_IDENTIFIER = com.pomodoro.app;
				PRODUCT_NAME = "$(TARGET_NAME)";
				SWIFT_EMIT_LOC_STRINGS = YES;
				SWIFT_VERSION = 5.0;
				TARGETED_DEVICE_FAMILY = "1,2";
				ALWAYS_EMBED_SWIFT_STANDARD_LIBRARIES = YES;
			};
			name = Debug;
		};
		/* Release - PomodoroApp */
		A1000052000 /* Release */ = {
			isa = XCBuildConfiguration;
			buildSettings = {
				ASSETCATALOG_COMPILER_APPICON_NAME = AppIcon;
				ASSETCATALOG_COMPILER_GLOBAL_ACCENT_COLOR_NAME = AccentColor;
				CODE_SIGN_ENTITLEMENTS = PomodoroApp/PomodoroApp.entitlements;
				CODE_SIGN_STYLE = Automatic;
				CURRENT_PROJECT_VERSION = 1;
				DEVELOPMENT_ASSET_PATHS = "\"PomodoroApp/Preview Content\"";
				ENABLE_PREVIEWS = YES;
				GENERATE_INFOPLIST_FILE = YES;
				INFOPLIST_KEY_UIApplicationSceneManifest_Generation = YES;
				INFOPLIST_KEY_UIApplicationSupportsIndirectInputEvents = YES;
				INFOPLIST_KEY_UILaunchScreen_Generation = YES;
				INFOPLIST_KEY_UISupportedInterfaceOrientations_iPad = "UIInterfaceOrientationPortrait UIInterfaceOrientationPortraitUpsideDown UIInterfaceOrientationLandscapeLeft UIInterfaceOrientationLandscapeRight";
				INFOPLIST_KEY_UISupportedInterfaceOrientations_iPhone = "UIInterfaceOrientationPortrait UIInterfaceOrientationLandscapeLeft UIInterfaceOrientationLandscapeRight";
				LD_RUNPATH_SEARCH_PATHS = (
					"$(inherited)",
					"@executable_path/Frameworks",
				);
				MARKETING_VERSION = 1.0;
				PRODUCT_BUNDLE_IDENTIFIER = com.pomodoro.app;
				PRODUCT_NAME = "$(TARGET_NAME)";
				SWIFT_EMIT_LOC_STRINGS = YES;
				SWIFT_VERSION = 5.0;
				TARGETED_DEVICE_FAMILY = "1,2";
				ALWAYS_EMBED_SWIFT_STANDARD_LIBRARIES = YES;
			};
			name = Release;
		};
		/* Debug - DeviceActivityMonitorExtension */
		A2000051000 /* Debug */ = {
			isa = XCBuildConfiguration;
			buildSettings = {
				CODE_SIGN_ENTITLEMENTS = DeviceActivityMonitorExtension/DeviceActivityMonitorExtension.entitlements;
				CODE_SIGN_STYLE = Automatic;
				CURRENT_PROJECT_VERSION = 1;
				"EXCLUDED_ARCHS[sdk=iphonesimulator*]" = "arm64 x86_64";
				GENERATE_INFOPLIST_FILE = YES;
				INFOPLIST_FILE = DeviceActivityMonitorExtension/Info.plist;
				INFOPLIST_KEY_CFBundleDisplayName = DeviceActivityMonitorExtension;
				INFOPLIST_KEY_NSHumanReadableCopyright = "";
				LD_RUNPATH_SEARCH_PATHS = (
					"$(inherited)",
					"@executable_path/Frameworks",
					"@executable_path/../../Frameworks",
				);
				MARKETING_VERSION = 1.0;
				PRODUCT_BUNDLE_IDENTIFIER = com.pomodoro.app.DeviceActivityMonitorExtension;
				PRODUCT_NAME = "$(TARGET_NAME)";
				SKIP_INSTALL = YES;
				SUPPORTED_PLATFORMS = iphoneos;
				SUPPORTS_MACCATALYST = NO;
				SWIFT_EMIT_LOC_STRINGS = YES;
				SWIFT_VERSION = 5.0;
				TARGETED_DEVICE_FAMILY = "1,2";
			};
			name = Debug;
		};
		/* Release - DeviceActivityMonitorExtension */
		A2000052000 /* Release */ = {
			isa = XCBuildConfiguration;
			buildSettings = {
				CODE_SIGN_ENTITLEMENTS = DeviceActivityMonitorExtension/DeviceActivityMonitorExtension.entitlements;
				CODE_SIGN_STYLE = Automatic;
				CURRENT_PROJECT_VERSION = 1;
				"EXCLUDED_ARCHS[sdk=iphonesimulator*]" = "arm64 x86_64";
				GENERATE_INFOPLIST_FILE = YES;
				INFOPLIST_FILE = DeviceActivityMonitorExtension/Info.plist;
				INFOPLIST_KEY_CFBundleDisplayName = DeviceActivityMonitorExtension;
				INFOPLIST_KEY_NSHumanReadableCopyright = "";
				LD_RUNPATH_SEARCH_PATHS = (
					"$(inherited)",
					"@executable_path/Frameworks",
					"@executable_path/../../Frameworks",
				);
				MARKETING_VERSION = 1.0;
				PRODUCT_BUNDLE_IDENTIFIER = com.pomodoro.app.DeviceActivityMonitorExtension;
				PRODUCT_NAME = "$(TARGET_NAME)";
				SKIP_INSTALL = YES;
				SUPPORTED_PLATFORMS = iphoneos;
				SUPPORTS_MACCATALYST = NO;
				SWIFT_EMIT_LOC_STRINGS = YES;
				SWIFT_VERSION = 5.0;
				TARGETED_DEVICE_FAMILY = "1,2";
			};
			name = Release;
		};
		/* Debug - ShieldConfigurationExtension */
		A3000051000 /* Debug */ = {
			isa = XCBuildConfiguration;
			buildSettings = {
				CODE_SIGN_ENTITLEMENTS = ShieldConfigurationExtension/ShieldConfigurationExtension.entitlements;
				CODE_SIGN_STYLE = Automatic;
				CURRENT_PROJECT_VERSION = 1;
				"EXCLUDED_ARCHS[sdk=iphonesimulator*]" = "arm64 x86_64";
				GENERATE_INFOPLIST_FILE = YES;
				INFOPLIST_FILE = ShieldConfigurationExtension/Info.plist;
				INFOPLIST_KEY_CFBundleDisplayName = ShieldConfigurationExtension;
				INFOPLIST_KEY_NSHumanReadableCopyright = "";
				LD_RUNPATH_SEARCH_PATHS = (
					"$(inherited)",
					"@executable_path/Frameworks",
					"@executable_path/../../Frameworks",
				);
				MARKETING_VERSION = 1.0;
				PRODUCT_BUNDLE_IDENTIFIER = com.pomodoro.app.ShieldConfigurationExtension;
				PRODUCT_NAME = "$(TARGET_NAME)";
				SKIP_INSTALL = YES;
				SUPPORTED_PLATFORMS = iphoneos;
				SUPPORTS_MACCATALYST = NO;
				SWIFT_EMIT_LOC_STRINGS = YES;
				SWIFT_VERSION = 5.0;
				TARGETED_DEVICE_FAMILY = "1,2";
			};
			name = Debug;
		};
		/* Release - ShieldConfigurationExtension */
		A3000052000 /* Release */ = {
			isa = XCBuildConfiguration;
			buildSettings = {
				CODE_SIGN_ENTITLEMENTS = ShieldConfigurationExtension/ShieldConfigurationExtension.entitlements;
				CODE_SIGN_STYLE = Automatic;
				CURRENT_PROJECT_VERSION = 1;
				"EXCLUDED_ARCHS[sdk=iphonesimulator*]" = "arm64 x86_64";
				GENERATE_INFOPLIST_FILE = YES;
				INFOPLIST_FILE = ShieldConfigurationExtension/Info.plist;
				INFOPLIST_KEY_CFBundleDisplayName = ShieldConfigurationExtension;
				INFOPLIST_KEY_NSHumanReadableCopyright = "";
				LD_RUNPATH_SEARCH_PATHS = (
					"$(inherited)",
					"@executable_path/Frameworks",
					"@executable_path/../../Frameworks",
				);
				MARKETING_VERSION = 1.0;
				PRODUCT_BUNDLE_IDENTIFIER = com.pomodoro.app.ShieldConfigurationExtension;
				PRODUCT_NAME = "$(TARGET_NAME)";
				SKIP_INSTALL = YES;
				SUPPORTED_PLATFORMS = iphoneos;
				SUPPORTS_MACCATALYST = NO;
				SWIFT_EMIT_LOC_STRINGS = YES;
				SWIFT_VERSION = 5.0;
				TARGETED_DEVICE_FAMILY = "1,2";
			};
			name = Release;
		};
		/* Debug - ShieldActionExtension */
		A4000051000 /* Debug */ = {
			isa = XCBuildConfiguration;
			buildSettings = {
				CODE_SIGN_ENTITLEMENTS = ShieldActionExtension/ShieldActionExtension.entitlements;
				CODE_SIGN_STYLE = Automatic;
				CURRENT_PROJECT_VERSION = 1;
				"EXCLUDED_ARCHS[sdk=iphonesimulator*]" = "arm64 x86_64";
				GENERATE_INFOPLIST_FILE = YES;
				INFOPLIST_FILE = ShieldActionExtension/Info.plist;
				INFOPLIST_KEY_CFBundleDisplayName = ShieldActionExtension;
				INFOPLIST_KEY_NSHumanReadableCopyright = "";
				LD_RUNPATH_SEARCH_PATHS = (
					"$(inherited)",
					"@executable_path/Frameworks",
					"@executable_path/../../Frameworks",
				);
				MARKETING_VERSION = 1.0;
				PRODUCT_BUNDLE_IDENTIFIER = com.pomodoro.app.ShieldActionExtension;
				PRODUCT_NAME = "$(TARGET_NAME)";
				SKIP_INSTALL = YES;
				SUPPORTED_PLATFORMS = iphoneos;
				SUPPORTS_MACCATALYST = NO;
				SWIFT_EMIT_LOC_STRINGS = YES;
				SWIFT_VERSION = 5.0;
				TARGETED_DEVICE_FAMILY = "1,2";
			};
			name = Debug;
		};
		/* Release - ShieldActionExtension */
		A4000052000 /* Release */ = {
			isa = XCBuildConfiguration;
			buildSettings = {
				CODE_SIGN_ENTITLEMENTS = ShieldActionExtension/ShieldActionExtension.entitlements;
				CODE_SIGN_STYLE = Automatic;
				CURRENT_PROJECT_VERSION = 1;
				"EXCLUDED_ARCHS[sdk=iphonesimulator*]" = "arm64 x86_64";
				GENERATE_INFOPLIST_FILE = YES;
				INFOPLIST_FILE = ShieldActionExtension/Info.plist;
				INFOPLIST_KEY_CFBundleDisplayName = ShieldActionExtension;
				INFOPLIST_KEY_NSHumanReadableCopyright = "";
				LD_RUNPATH_SEARCH_PATHS = (
					"$(inherited)",
					"@executable_path/Frameworks",
					"@executable_path/../../Frameworks",
				);
				MARKETING_VERSION = 1.0;
				PRODUCT_BUNDLE_IDENTIFIER = com.pomodoro.app.ShieldActionExtension;
				PRODUCT_NAME = "$(TARGET_NAME)";
				SKIP_INSTALL = YES;
				SUPPORTED_PLATFORMS = iphoneos;
				SUPPORTS_MACCATALYST = NO;
				SWIFT_EMIT_LOC_STRINGS = YES;
				SWIFT_VERSION = 5.0;
				TARGETED_DEVICE_FAMILY = "1,2";
			};
			name = Release;
		};
/* End XCBuildConfiguration section */

/* Begin XCConfigurationList section */
		A0000000003 /* Build configuration list for PBXProject "PomodoroApp" */ = {
			isa = XCConfigurationList;
			buildConfigurations = (
				A0000000004 /* Debug */,
				A0000000005 /* Release */,
			);
			defaultConfigurationIsVisible = 0;
			defaultConfigurationName = Release;
		};
		A1000050000 /* Build configuration list for PBXNativeTarget "PomodoroApp" */ = {
			isa = XCConfigurationList;
			buildConfigurations = (
				A1000051000 /* Debug */,
				A1000052000 /* Release */,
			);
			defaultConfigurationIsVisible = 0;
			defaultConfigurationName = Release;
		};
		A2000050000 /* Build configuration list for PBXNativeTarget "DeviceActivityMonitorExtension" */ = {
			isa = XCConfigurationList;
			buildConfigurations = (
				A2000051000 /* Debug */,
				A2000052000 /* Release */,
			);
			defaultConfigurationIsVisible = 0;
			defaultConfigurationName = Release;
		};
		A3000050000 /* Build configuration list for PBXNativeTarget "ShieldConfigurationExtension" */ = {
			isa = XCConfigurationList;
			buildConfigurations = (
				A3000051000 /* Debug */,
				A3000052000 /* Release */,
			);
			defaultConfigurationIsVisible = 0;
			defaultConfigurationName = Release;
		};
		A4000050000 /* Build configuration list for PBXNativeTarget "ShieldActionExtension" */ = {
			isa = XCConfigurationList;
			buildConfigurations = (
				A4000051000 /* Debug */,
				A4000052000 /* Release */,
			);
			defaultConfigurationIsVisible = 0;
			defaultConfigurationName = Release;
		};
/* End XCConfigurationList section */
	};
	rootObject = A0000000001 /* Project object */;
}
