// !$*UTF8*$!
{
	archiveVersion = 1;
	classes = {
	};
	objectVersion = 56;
	objects = {

/* Begin PBXBuildFile section */
		100D53149D164120A2AEF280 /* OrbCollectionHistory.swift in Sources */ = {isa = PBXBuildFile; fileRef = 0692CC9E49DC400494EC4E8F /* OrbCollectionHistory.swift */; };
		51A5651549C04762BB788377 /* OrbNebulaView.swift in Sources */ = {isa = PBXBuildFile; fileRef = F1EE75AC63864C2E87991C71 /* OrbNebulaView.swift */; };
		80285C83AACC4ED081BDC755 /* OrbNebulaDetailSheet.swift in Sources */ = {isa = PBXBuildFile; fileRef = C905C2EA7AE54A44A7514AE4 /* OrbNebulaDetailSheet.swift */; };
		3972B347B5B34C8198A848C7 /* OrbNebulaCanvas.swift in Sources */ = {isa = PBXBuildFile; fileRef = 2B80937A95164CDAAC931036 /* OrbNebulaCanvas.swift */; };
		E6B4C3D298F15061CFDE2345 /* OrbNebula3DView.swift in Sources */ = {isa = PBXBuildFile; fileRef = D5A3B2C198E04F60BFCD1234 /* OrbNebula3DView.swift */; };
		A1000001001 /* PomodoroAppApp.swift in Sources */ = {isa = PBXBuildFile; fileRef = A1000001000 /* PomodoroAppApp.swift */; };
		A1000002001 /* ContentView.swift in Sources */ = {isa = PBXBuildFile; fileRef = A1000002000 /* ContentView.swift */; };
		A1000003001 /* Assets.xcassets in Resources */ = {isa = PBXBuildFile; fileRef = A1000003000 /* Assets.xcassets */; };
		A1000004001 /* Preview Assets.xcassets in Resources */ = {isa = PBXBuildFile; fileRef = A1000004000 /* Preview Assets.xcassets */; };
		P1000001001 /* PrivacyInfo.xcprivacy in Resources */ = {isa = PBXBuildFile; fileRef = P1000001000 /* PrivacyInfo.xcprivacy */; };
		A1000005001 /* AuthorizationManager.swift in Sources */ = {isa = PBXBuildFile; fileRef = A1000005000 /* AuthorizationManager.swift */; };
		A1000006001 /* ShieldManager.swift in Sources */ = {isa = PBXBuildFile; fileRef = A1000006000 /* ShieldManager.swift */; };
		A1000007001 /* ActivityScheduler.swift in Sources */ = {isa = PBXBuildFile; fileRef = A1000007000 /* ActivityScheduler.swift */; };
		A1000008001 /* SharedDataManager.swift in Sources */ = {isa = PBXBuildFile; fileRef = A1000008000 /* SharedDataManager.swift */; };
		A2000001001 /* PomodoroActivityMonitor.swift in Sources */ = {isa = PBXBuildFile; fileRef = A2000001000 /* PomodoroActivityMonitor.swift */; };
		A2000002001 /* SharedDataManager.swift in Sources */ = {isa = PBXBuildFile; fileRef = A1000008000 /* SharedDataManager.swift */; };
		A3000001001 /* PomodoroShieldConfiguration.swift in Sources */ = {isa = PBXBuildFile; fileRef = A3000001000 /* PomodoroShieldConfiguration.swift */; };
		A3000002001 /* SharedDataManager.swift in Sources */ = {isa = PBXBuildFile; fileRef = A1000008000 /* SharedDataManager.swift */; };
		A4000001001 /* PomodoroShieldAction.swift in Sources */ = {isa = PBXBuildFile; fileRef = A4000001000 /* PomodoroShieldAction.swift */; };
		A4000002001 /* SharedDataManager.swift in Sources */ = {isa = PBXBuildFile; fileRef = A1000008000 /* SharedDataManager.swift */; };
		B1000001001 /* PomodoroSession.swift in Sources */ = {isa = PBXBuildFile; fileRef = B1000001000 /* PomodoroSession.swift */; };
		B1000002001 /* TimerManager.swift in Sources */ = {isa = PBXBuildFile; fileRef = B1000002000 /* TimerManager.swift */; };
		B1000003001 /* NotificationManager.swift in Sources */ = {isa = PBXBuildFile; fileRef = B1000003000 /* NotificationManager.swift */; };
		B1000010001 /* Colors.swift in Sources */ = {isa = PBXBuildFile; fileRef = B1000010000 /* Colors.swift */; };
		B1000011001 /* Fonts.swift in Sources */ = {isa = PBXBuildFile; fileRef = B1000011000 /* Fonts.swift */; };
		B1000012001 /* Animations.swift in Sources */ = {isa = PBXBuildFile; fileRef = B1000012000 /* Animations.swift */; };
		B1000020001 /* CircularProgressView.swift in Sources */ = {isa = PBXBuildFile; fileRef = B1000020000 /* CircularProgressView.swift */; };
		B1000021001 /* RoundedButton.swift in Sources */ = {isa = PBXBuildFile; fileRef = B1000021000 /* RoundedButton.swift */; };
		HB00001001 /* HoldToGiveUpButton.swift in Sources */ = {isa = PBXBuildFile; fileRef = HB00001000 /* HoldToGiveUpButton.swift */; };
		B1000022001 /* AnimatedTimerText.swift in Sources */ = {isa = PBXBuildFile; fileRef = B1000022000 /* AnimatedTimerText.swift */; };
		B1000030001 /* TimerView.swift in Sources */ = {isa = PBXBuildFile; fileRef = B1000030000 /* TimerView.swift */; };
		B1000031001 /* AppSelectionView.swift in Sources */ = {isa = PBXBuildFile; fileRef = B1000031000 /* AppSelectionView.swift */; };
		B1000032001 /* SettingsView.swift in Sources */ = {isa = PBXBuildFile; fileRef = B1000032000 /* SettingsView.swift */; };
		B1000033001 /* AuthorizationRequestView.swift in Sources */ = {isa = PBXBuildFile; fileRef = B1000033000 /* AuthorizationRequestView.swift */; };
		C1000001001 /* GradientOrbView.swift in Sources */ = {isa = PBXBuildFile; fileRef = C1000001000 /* GradientOrbView.swift */; };
		D1000001001 /* TimeSchedule.swift in Sources */ = {isa = PBXBuildFile; fileRef = D1000001000 /* TimeSchedule.swift */; };
		D1000002001 /* AppLimit.swift in Sources */ = {isa = PBXBuildFile; fileRef = D1000002000 /* AppLimit.swift */; };
		D1000003001 /* UsageRecord.swift in Sources */ = {isa = PBXBuildFile; fileRef = D1000003000 /* UsageRecord.swift */; };
		D1000004001 /* LimitsSession.swift in Sources */ = {isa = PBXBuildFile; fileRef = D1000004000 /* LimitsSession.swift */; };
		D1000005001 /* LimitsScheduler.swift in Sources */ = {isa = PBXBuildFile; fileRef = D1000005000 /* LimitsScheduler.swift */; };
		D1000006001 /* LimitsShieldManager.swift in Sources */ = {isa = PBXBuildFile; fileRef = D1000006000 /* LimitsShieldManager.swift */; };
		D1000007001 /* MainTabView.swift in Sources */ = {isa = PBXBuildFile; fileRef = D1000007000 /* MainTabView.swift */; };
		D1000008001 /* LimitsView.swift in Sources */ = {isa = PBXBuildFile; fileRef = D1000008000 /* LimitsView.swift */; };
		D1000009001 /* TimeScheduleListView.swift in Sources */ = {isa = PBXBuildFile; fileRef = D1000009000 /* TimeScheduleListView.swift */; };
		D1000010001 /* TimeScheduleEditorView.swift in Sources */ = {isa = PBXBuildFile; fileRef = D1000010000 /* TimeScheduleEditorView.swift */; };
		D1000011001 /* UsageLimitListView.swift in Sources */ = {isa = PBXBuildFile; fileRef = D1000011000 /* UsageLimitListView.swift */; };
		D1000012001 /* UsageLimitEditorView.swift in Sources */ = {isa = PBXBuildFile; fileRef = D1000012000 /* UsageLimitEditorView.swift */; };
		D1000013001 /* DayOfWeekPicker.swift in Sources */ = {isa = PBXBuildFile; fileRef = D1000013000 /* DayOfWeekPicker.swift */; };
		D2000001001 /* TimeSchedule.swift in Sources */ = {isa = PBXBuildFile; fileRef = D1000001000 /* TimeSchedule.swift */; };
		D2000002001 /* AppLimit.swift in Sources */ = {isa = PBXBuildFile; fileRef = D1000002000 /* AppLimit.swift */; };
		D2000003001 /* UsageRecord.swift in Sources */ = {isa = PBXBuildFile; fileRef = D1000003000 /* UsageRecord.swift */; };
		D3000001001 /* TimeSchedule.swift in Sources */ = {isa = PBXBuildFile; fileRef = D1000001000 /* TimeSchedule.swift */; };
		D3000002001 /* AppLimit.swift in Sources */ = {isa = PBXBuildFile; fileRef = D1000002000 /* AppLimit.swift */; };
		D3000003001 /* UsageRecord.swift in Sources */ = {isa = PBXBuildFile; fileRef = D1000003000 /* UsageRecord.swift */; };
		D4000001001 /* TimeSchedule.swift in Sources */ = {isa = PBXBuildFile; fileRef = D1000001000 /* TimeSchedule.swift */; };
		D4000002001 /* AppLimit.swift in Sources */ = {isa = PBXBuildFile; fileRef = D1000002000 /* AppLimit.swift */; };
		D4000003001 /* UsageRecord.swift in Sources */ = {isa = PBXBuildFile; fileRef = D1000003000 /* UsageRecord.swift */; };
		E1000001001 /* UsageReportView.swift in Sources */ = {isa = PBXBuildFile; fileRef = E1000001000 /* UsageReportView.swift */; };
		E5000001001 /* UsageReportExtension.swift in Sources */ = {isa = PBXBuildFile; fileRef = E5000001000 /* UsageReportExtension.swift */; };
		E5000002001 /* SharedDataManager.swift in Sources */ = {isa = PBXBuildFile; fileRef = A1000008000 /* SharedDataManager.swift */; };
		E5000003001 /* TimeSchedule.swift in Sources */ = {isa = PBXBuildFile; fileRef = D1000001000 /* TimeSchedule.swift */; };
		E5000004001 /* AppLimit.swift in Sources */ = {isa = PBXBuildFile; fileRef = D1000002000 /* AppLimit.swift */; };
		E5000005001 /* UsageRecord.swift in Sources */ = {isa = PBXBuildFile; fileRef = D1000003000 /* UsageRecord.swift */; };
		F1000001001 /* DeviceActivityMonitorExtension.appex in Embed App Extensions */ = {isa = PBXBuildFile; fileRef = A2000000000 /* DeviceActivityMonitorExtension.appex */; settings = {ATTRIBUTES = (RemoveHeadersOnCopy, ); }; };
		F1000002001 /* ShieldConfigurationExtension.appex in Embed App Extensions */ = {isa = PBXBuildFile; fileRef = A3000000000 /* ShieldConfigurationExtension.appex */; settings = {ATTRIBUTES = (RemoveHeadersOnCopy, ); }; };
		F1000003001 /* ShieldActionExtension.appex in Embed App Extensions */ = {isa = PBXBuildFile; fileRef = A4000000000 /* ShieldActionExtension.appex */; settings = {ATTRIBUTES = (RemoveHeadersOnCopy, ); }; };
		F1000004001 /* DeviceActivityReportExtension.appex in Embed App Extensions */ = {isa = PBXBuildFile; fileRef = E5000000000 /* DeviceActivityReportExtension.appex */; settings = {ATTRIBUTES = (RemoveHeadersOnCopy, ); }; };
		G1000004001 /* CircularDurationSlider.swift in Sources */ = {isa = PBXBuildFile; fileRef = G1000004000 /* CircularDurationSlider.swift */; };
		H1000001001 /* Currency.swift in Sources */ = {isa = PBXBuildFile; fileRef = H1000001000 /* Currency.swift */; };
		H1000002001 /* OrbStyle.swift in Sources */ = {isa = PBXBuildFile; fileRef = H1000002000 /* OrbStyle.swift */; };
		H1000003001 /* UserProgress.swift in Sources */ = {isa = PBXBuildFile; fileRef = H1000003000 /* UserProgress.swift */; };
		H1000004001 /* UserCollection.swift in Sources */ = {isa = PBXBuildFile; fileRef = H1000004000 /* UserCollection.swift */; };
		H1000005001 /* OrbCatalog.swift in Sources */ = {isa = PBXBuildFile; fileRef = H1000005000 /* OrbCatalog.swift */; };
		H1000006001 /* RewardsManager.swift in Sources */ = {isa = PBXBuildFile; fileRef = H1000006000 /* RewardsManager.swift */; };
		H1000007001 /* StardustBadge.swift in Sources */ = {isa = PBXBuildFile; fileRef = H1000007000 /* StardustBadge.swift */; };
		H1000008001 /* CollectionView.swift in Sources */ = {isa = PBXBuildFile; fileRef = H1000008000 /* CollectionView.swift */; };
		H1000010001 /* OrbPreviewCard.swift in Sources */ = {isa = PBXBuildFile; fileRef = H1000010000 /* OrbPreviewCard.swift */; };
		H1000011001 /* OrbDetailSheet.swift in Sources */ = {isa = PBXBuildFile; fileRef = H1000011000 /* OrbDetailSheet.swift */; };
		H1000012001 /* ProgressSummaryView.swift in Sources */ = {isa = PBXBuildFile; fileRef = H1000012000 /* ProgressSummaryView.swift */; };
		H1000013001 /* RewardCelebrationView.swift in Sources */ = {isa = PBXBuildFile; fileRef = H1000013000 /* RewardCelebrationView.swift */; };
		H1000014001 /* RewardsTabView.swift in Sources */ = {isa = PBXBuildFile; fileRef = H1000014000 /* RewardsTabView.swift */; };
		I1000001001 /* Gacha.swift in Sources */ = {isa = PBXBuildFile; fileRef = I1000001000 /* Gacha.swift */; };
		I1000002001 /* GachaConfig.swift in Sources */ = {isa = PBXBuildFile; fileRef = I1000002000 /* GachaConfig.swift */; };
		I1000003001 /* StarParticlesView.swift in Sources */ = {isa = PBXBuildFile; fileRef = I1000003000 /* StarParticlesView.swift */; };
		I1000004001 /* StarBadge.swift in Sources */ = {isa = PBXBuildFile; fileRef = I1000004000 /* StarBadge.swift */; };
		I1000005001 /* GachaView.swift in Sources */ = {isa = PBXBuildFile; fileRef = I1000005000 /* GachaView.swift */; };
		I1000006001 /* GachaPullResultView.swift in Sources */ = {isa = PBXBuildFile; fileRef = I1000006000 /* GachaPullResultView.swift */; };
		I1000007001 /* GachaPullButton.swift in Sources */ = {isa = PBXBuildFile; fileRef = I1000007000 /* GachaPullButton.swift */; };
		I1000008001 /* PityProgressView.swift in Sources */ = {isa = PBXBuildFile; fileRef = I1000008000 /* PityProgressView.swift */; };
		I1000009001 /* DropRatesDisclosure.swift in Sources */ = {isa = PBXBuildFile; fileRef = I1000009000 /* DropRatesDisclosure.swift */; };
		I1000010001 /* ShardProgressView.swift in Sources */ = {isa = PBXBuildFile; fileRef = I1000010000 /* ShardProgressView.swift */; };
		I1000011001 /* RecentPullsSection.swift in Sources */ = {isa = PBXBuildFile; fileRef = I1000011000 /* RecentPullsSection.swift */; };
		J1000001001 /* CoolDownOverlayView.swift in Sources */ = {isa = PBXBuildFile; fileRef = J1000001000 /* CoolDownOverlayView.swift */; };
		J1000002001 /* InsufficientFundsOverlayView.swift in Sources */ = {isa = PBXBuildFile; fileRef = J1000002000 /* InsufficientFundsOverlayView.swift */; };
		K1000001001 /* SaturnRingView.swift in Sources */ = {isa = PBXBuildFile; fileRef = K1000001000 /* SaturnRingView.swift */; };
		N1000001001 /* ShieldOrbView.swift in Sources */ = {isa = PBXBuildFile; fileRef = N1000001000 /* ShieldOrbView.swift */; };
		N1000002001 /* GlowingProgressBar.swift in Sources */ = {isa = PBXBuildFile; fileRef = N1000002000 /* GlowingProgressBar.swift */; };
		N1000003001 /* CosmicCard.swift in Sources */ = {isa = PBXBuildFile; fileRef = N1000003000 /* CosmicCard.swift */; };
/* End PBXBuildFile section */

/* Begin PBXFileReference section */
		0692CC9E49DC400494EC4E8F /* OrbCollectionHistory.swift */ = {isa = PBXFileReference; lastKnownFileType = sourcecode.swift; path = OrbCollectionHistory.swift; sourceTree = "<group>"; };
		F1EE75AC63864C2E87991C71 /* OrbNebulaView.swift */ = {isa = PBXFileReference; lastKnownFileType = sourcecode.swift; path = OrbNebulaView.swift; sourceTree = "<group>"; };
		C905C2EA7AE54A44A7514AE4 /* OrbNebulaDetailSheet.swift */ = {isa = PBXFileReference; lastKnownFileType = sourcecode.swift; path = OrbNebulaDetailSheet.swift; sourceTree = "<group>"; };
		2B80937A95164CDAAC931036 /* OrbNebulaCanvas.swift */ = {isa = PBXFileReference; lastKnownFileType = sourcecode.swift; path = OrbNebulaCanvas.swift; sourceTree = "<group>"; };
		D5A3B2C198E04F60BFCD1234 /* OrbNebula3DView.swift */ = {isa = PBXFileReference; lastKnownFileType = sourcecode.swift; path = OrbNebula3DView.swift; sourceTree = "<group>"; };
		A1000000000 /* PomodoroApp.app */ = {isa = PBXFileReference; explicitFileType = wrapper.application; includeInIndex = 0; path = PomodoroApp.app; sourceTree = BUILT_PRODUCTS_DIR; };
		A1000001000 /* PomodoroAppApp.swift */ = {isa = PBXFileReference; lastKnownFileType = sourcecode.swift; path = PomodoroAppApp.swift; sourceTree = "<group>"; };
		A1000002000 /* ContentView.swift */ = {isa = PBXFileReference; lastKnownFileType = sourcecode.swift; path = ContentView.swift; sourceTree = "<group>"; };
		A1000003000 /* Assets.xcassets */ = {isa = PBXFileReference; lastKnownFileType = folder.assetcatalog; path = Assets.xcassets; sourceTree = "<group>"; };
		A1000004000 /* Preview Assets.xcassets */ = {isa = PBXFileReference; lastKnownFileType = folder.assetcatalog; path = "Preview Assets.xcassets"; sourceTree = "<group>"; };
		A1000005000 /* AuthorizationManager.swift */ = {isa = PBXFileReference; lastKnownFileType = sourcecode.swift; path = AuthorizationManager.swift; sourceTree = "<group>"; };
		A1000006000 /* ShieldManager.swift */ = {isa = PBXFileReference; lastKnownFileType = sourcecode.swift; path = ShieldManager.swift; sourceTree = "<group>"; };
		A1000007000 /* ActivityScheduler.swift */ = {isa = PBXFileReference; lastKnownFileType = sourcecode.swift; path = ActivityScheduler.swift; sourceTree = "<group>"; };
		A1000008000 /* SharedDataManager.swift */ = {isa = PBXFileReference; lastKnownFileType = sourcecode.swift; path = SharedDataManager.swift; sourceTree = "<group>"; };
		A1000009000 /* PomodoroApp.entitlements */ = {isa = PBXFileReference; lastKnownFileType = text.plist.entitlements; path = PomodoroApp.entitlements; sourceTree = "<group>"; };
		P1000001000 /* PrivacyInfo.xcprivacy */ = {isa = PBXFileReference; lastKnownFileType = text.xml; path = PrivacyInfo.xcprivacy; sourceTree = "<group>"; };
		A2000000000 /* DeviceActivityMonitorExtension.appex */ = {isa = PBXFileReference; explicitFileType = "wrapper.app-extension"; includeInIndex = 0; path = DeviceActivityMonitorExtension.appex; sourceTree = BUILT_PRODUCTS_DIR; };
		A2000001000 /* PomodoroActivityMonitor.swift */ = {isa = PBXFileReference; lastKnownFileType = sourcecode.swift; path = PomodoroActivityMonitor.swift; sourceTree = "<group>"; };
		A2000005000 /* Info.plist */ = {isa = PBXFileReference; lastKnownFileType = text.plist.xml; path = Info.plist; sourceTree = "<group>"; };
		A2000006000 /* DeviceActivityMonitorExtension.entitlements */ = {isa = PBXFileReference; lastKnownFileType = text.plist.entitlements; path = DeviceActivityMonitorExtension.entitlements; sourceTree = "<group>"; };
		A3000000000 /* ShieldConfigurationExtension.appex */ = {isa = PBXFileReference; explicitFileType = "wrapper.app-extension"; includeInIndex = 0; path = ShieldConfigurationExtension.appex; sourceTree = BUILT_PRODUCTS_DIR; };
		A3000001000 /* PomodoroShieldConfiguration.swift */ = {isa = PBXFileReference; lastKnownFileType = sourcecode.swift; path = PomodoroShieldConfiguration.swift; sourceTree = "<group>"; };
		A3000005000 /* Info.plist */ = {isa = PBXFileReference; lastKnownFileType = text.plist.xml; path = Info.plist; sourceTree = "<group>"; };
		A3000006000 /* ShieldConfigurationExtension.entitlements */ = {isa = PBXFileReference; lastKnownFileType = text.plist.entitlements; path = ShieldConfigurationExtension.entitlements; sourceTree = "<group>"; };
		A4000000000 /* ShieldActionExtension.appex */ = {isa = PBXFileReference; explicitFileType = "wrapper.app-extension"; includeInIndex = 0; path = ShieldActionExtension.appex; sourceTree = BUILT_PRODUCTS_DIR; };
		A4000001000 /* PomodoroShieldAction.swift */ = {isa = PBXFileReference; lastKnownFileType = sourcecode.swift; path = PomodoroShieldAction.swift; sourceTree = "<group>"; };
		A4000005000 /* Info.plist */ = {isa = PBXFileReference; lastKnownFileType = text.plist.xml; path = Info.plist; sourceTree = "<group>"; };
		A4000006000 /* ShieldActionExtension.entitlements */ = {isa = PBXFileReference; lastKnownFileType = text.plist.entitlements; path = ShieldActionExtension.entitlements; sourceTree = "<group>"; };
		B1000001000 /* PomodoroSession.swift */ = {isa = PBXFileReference; lastKnownFileType = sourcecode.swift; path = PomodoroSession.swift; sourceTree = "<group>"; };
		B1000002000 /* TimerManager.swift */ = {isa = PBXFileReference; lastKnownFileType = sourcecode.swift; path = TimerManager.swift; sourceTree = "<group>"; };
		B1000003000 /* NotificationManager.swift */ = {isa = PBXFileReference; lastKnownFileType = sourcecode.swift; path = NotificationManager.swift; sourceTree = "<group>"; };
		B1000010000 /* Colors.swift */ = {isa = PBXFileReference; lastKnownFileType = sourcecode.swift; path = Colors.swift; sourceTree = "<group>"; };
		B1000011000 /* Fonts.swift */ = {isa = PBXFileReference; lastKnownFileType = sourcecode.swift; path = Fonts.swift; sourceTree = "<group>"; };
		B1000012000 /* Animations.swift */ = {isa = PBXFileReference; lastKnownFileType = sourcecode.swift; path = Animations.swift; sourceTree = "<group>"; };
		B1000020000 /* CircularProgressView.swift */ = {isa = PBXFileReference; lastKnownFileType = sourcecode.swift; path = CircularProgressView.swift; sourceTree = "<group>"; };
		B1000021000 /* RoundedButton.swift */ = {isa = PBXFileReference; lastKnownFileType = sourcecode.swift; path = RoundedButton.swift; sourceTree = "<group>"; };
		HB00001000 /* HoldToGiveUpButton.swift */ = {isa = PBXFileReference; lastKnownFileType = sourcecode.swift; path = HoldToGiveUpButton.swift; sourceTree = "<group>"; };
		B1000022000 /* AnimatedTimerText.swift */ = {isa = PBXFileReference; lastKnownFileType = sourcecode.swift; path = AnimatedTimerText.swift; sourceTree = "<group>"; };
		B1000030000 /* TimerView.swift */ = {isa = PBXFileReference; lastKnownFileType = sourcecode.swift; path = TimerView.swift; sourceTree = "<group>"; };
		B1000031000 /* AppSelectionView.swift */ = {isa = PBXFileReference; lastKnownFileType = sourcecode.swift; path = AppSelectionView.swift; sourceTree = "<group>"; };
		B1000032000 /* SettingsView.swift */ = {isa = PBXFileReference; lastKnownFileType = sourcecode.swift; path = SettingsView.swift; sourceTree = "<group>"; };
		B1000033000 /* AuthorizationRequestView.swift */ = {isa = PBXFileReference; lastKnownFileType = sourcecode.swift; path = AuthorizationRequestView.swift; sourceTree = "<group>"; };
		C1000001000 /* GradientOrbView.swift */ = {isa = PBXFileReference; lastKnownFileType = sourcecode.swift; path = GradientOrbView.swift; sourceTree = "<group>"; };
		K1000001000 /* SaturnRingView.swift */ = {isa = PBXFileReference; lastKnownFileType = sourcecode.swift; path = SaturnRingView.swift; sourceTree = "<group>"; };
		D1000001000 /* TimeSchedule.swift */ = {isa = PBXFileReference; lastKnownFileType = sourcecode.swift; path = TimeSchedule.swift; sourceTree = "<group>"; };
		D1000002000 /* AppLimit.swift */ = {isa = PBXFileReference; lastKnownFileType = sourcecode.swift; path = AppLimit.swift; sourceTree = "<group>"; };
		D1000003000 /* UsageRecord.swift */ = {isa = PBXFileReference; lastKnownFileType = sourcecode.swift; path = UsageRecord.swift; sourceTree = "<group>"; };
		D1000004000 /* LimitsSession.swift */ = {isa = PBXFileReference; lastKnownFileType = sourcecode.swift; path = LimitsSession.swift; sourceTree = "<group>"; };
		D1000005000 /* LimitsScheduler.swift */ = {isa = PBXFileReference; lastKnownFileType = sourcecode.swift; path = LimitsScheduler.swift; sourceTree = "<group>"; };
		D1000006000 /* LimitsShieldManager.swift */ = {isa = PBXFileReference; lastKnownFileType = sourcecode.swift; path = LimitsShieldManager.swift; sourceTree = "<group>"; };
		D1000007000 /* MainTabView.swift */ = {isa = PBXFileReference; lastKnownFileType = sourcecode.swift; path = MainTabView.swift; sourceTree = "<group>"; };
		D1000008000 /* LimitsView.swift */ = {isa = PBXFileReference; lastKnownFileType = sourcecode.swift; path = LimitsView.swift; sourceTree = "<group>"; };
		D1000009000 /* TimeScheduleListView.swift */ = {isa = PBXFileReference; lastKnownFileType = sourcecode.swift; path = TimeScheduleListView.swift; sourceTree = "<group>"; };
		D1000010000 /* TimeScheduleEditorView.swift */ = {isa = PBXFileReference; lastKnownFileType = sourcecode.swift; path = TimeScheduleEditorView.swift; sourceTree = "<group>"; };
		D1000011000 /* UsageLimitListView.swift */ = {isa = PBXFileReference; lastKnownFileType = sourcecode.swift; path = UsageLimitListView.swift; sourceTree = "<group>"; };
		D1000012000 /* UsageLimitEditorView.swift */ = {isa = PBXFileReference; lastKnownFileType = sourcecode.swift; path = UsageLimitEditorView.swift; sourceTree = "<group>"; };
		D1000013000 /* DayOfWeekPicker.swift */ = {isa = PBXFileReference; lastKnownFileType = sourcecode.swift; path = DayOfWeekPicker.swift; sourceTree = "<group>"; };
		E1000001000 /* UsageReportView.swift */ = {isa = PBXFileReference; lastKnownFileType = sourcecode.swift; path = UsageReportView.swift; sourceTree = "<group>"; };
		E5000000000 /* DeviceActivityReportExtension.appex */ = {isa = PBXFileReference; explicitFileType = "wrapper.app-extension"; includeInIndex = 0; path = DeviceActivityReportExtension.appex; sourceTree = BUILT_PRODUCTS_DIR; };
		E5000001000 /* UsageReportExtension.swift */ = {isa = PBXFileReference; lastKnownFileType = sourcecode.swift; path = UsageReportExtension.swift; sourceTree = "<group>"; };
		E5000005000 /* Info.plist */ = {isa = PBXFileReference; lastKnownFileType = text.plist.xml; path = Info.plist; sourceTree = "<group>"; };
		E5000006000 /* DeviceActivityReportExtension.entitlements */ = {isa = PBXFileReference; lastKnownFileType = text.plist.entitlements; path = DeviceActivityReportExtension.entitlements; sourceTree = "<group>"; };
		G1000004000 /* CircularDurationSlider.swift */ = {isa = PBXFileReference; lastKnownFileType = sourcecode.swift; path = CircularDurationSlider.swift; sourceTree = "<group>"; };
		H1000001000 /* Currency.swift */ = {isa = PBXFileReference; lastKnownFileType = sourcecode.swift; path = Currency.swift; sourceTree = "<group>"; };
		H1000002000 /* OrbStyle.swift */ = {isa = PBXFileReference; lastKnownFileType = sourcecode.swift; path = OrbStyle.swift; sourceTree = "<group>"; };
		H1000003000 /* UserProgress.swift */ = {isa = PBXFileReference; lastKnownFileType = sourcecode.swift; path = UserProgress.swift; sourceTree = "<group>"; };
		H1000004000 /* UserCollection.swift */ = {isa = PBXFileReference; lastKnownFileType = sourcecode.swift; path = UserCollection.swift; sourceTree = "<group>"; };
		H1000005000 /* OrbCatalog.swift */ = {isa = PBXFileReference; lastKnownFileType = sourcecode.swift; path = OrbCatalog.swift; sourceTree = "<group>"; };
		H1000006000 /* RewardsManager.swift */ = {isa = PBXFileReference; lastKnownFileType = sourcecode.swift; path = RewardsManager.swift; sourceTree = "<group>"; };
		H1000007000 /* StardustBadge.swift */ = {isa = PBXFileReference; lastKnownFileType = sourcecode.swift; path = StardustBadge.swift; sourceTree = "<group>"; };
		H1000008000 /* CollectionView.swift */ = {isa = PBXFileReference; lastKnownFileType = sourcecode.swift; path = CollectionView.swift; sourceTree = "<group>"; };
		H1000010000 /* OrbPreviewCard.swift */ = {isa = PBXFileReference; lastKnownFileType = sourcecode.swift; path = OrbPreviewCard.swift; sourceTree = "<group>"; };
		H1000011000 /* OrbDetailSheet.swift */ = {isa = PBXFileReference; lastKnownFileType = sourcecode.swift; path = OrbDetailSheet.swift; sourceTree = "<group>"; };
		H1000012000 /* ProgressSummaryView.swift */ = {isa = PBXFileReference; lastKnownFileType = sourcecode.swift; path = ProgressSummaryView.swift; sourceTree = "<group>"; };
		H1000013000 /* RewardCelebrationView.swift */ = {isa = PBXFileReference; lastKnownFileType = sourcecode.swift; path = RewardCelebrationView.swift; sourceTree = "<group>"; };
		H1000014000 /* RewardsTabView.swift */ = {isa = PBXFileReference; lastKnownFileType = sourcecode.swift; path = RewardsTabView.swift; sourceTree = "<group>"; };
		I1000001000 /* Gacha.swift */ = {isa = PBXFileReference; lastKnownFileType = sourcecode.swift; path = Gacha.swift; sourceTree = "<group>"; };
		I1000002000 /* GachaConfig.swift */ = {isa = PBXFileReference; lastKnownFileType = sourcecode.swift; path = GachaConfig.swift; sourceTree = "<group>"; };
		I1000003000 /* StarParticlesView.swift */ = {isa = PBXFileReference; lastKnownFileType = sourcecode.swift; path = StarParticlesView.swift; sourceTree = "<group>"; };
		I1000004000 /* StarBadge.swift */ = {isa = PBXFileReference; lastKnownFileType = sourcecode.swift; path = StarBadge.swift; sourceTree = "<group>"; };
		I1000005000 /* GachaView.swift */ = {isa = PBXFileReference; lastKnownFileType = sourcecode.swift; path = GachaView.swift; sourceTree = "<group>"; };
		I1000006000 /* GachaPullResultView.swift */ = {isa = PBXFileReference; lastKnownFileType = sourcecode.swift; path = GachaPullResultView.swift; sourceTree = "<group>"; };
		I1000007000 /* GachaPullButton.swift */ = {isa = PBXFileReference; lastKnownFileType = sourcecode.swift; path = GachaPullButton.swift; sourceTree = "<group>"; };
		I1000008000 /* PityProgressView.swift */ = {isa = PBXFileReference; lastKnownFileType = sourcecode.swift; path = PityProgressView.swift; sourceTree = "<group>"; };
		I1000009000 /* DropRatesDisclosure.swift */ = {isa = PBXFileReference; lastKnownFileType = sourcecode.swift; path = DropRatesDisclosure.swift; sourceTree = "<group>"; };
		I1000010000 /* ShardProgressView.swift */ = {isa = PBXFileReference; lastKnownFileType = sourcecode.swift; path = ShardProgressView.swift; sourceTree = "<group>"; };
		I1000011000 /* RecentPullsSection.swift */ = {isa = PBXFileReference; lastKnownFileType = sourcecode.swift; path = RecentPullsSection.swift; sourceTree = "<group>"; };
		J1000001000 /* CoolDownOverlayView.swift */ = {isa = PBXFileReference; lastKnownFileType = sourcecode.swift; path = CoolDownOverlayView.swift; sourceTree = "<group>"; };
		J1000002000 /* InsufficientFundsOverlayView.swift */ = {isa = PBXFileReference; lastKnownFileType = sourcecode.swift; path = InsufficientFundsOverlayView.swift; sourceTree = "<group>"; };
		N1000001000 /* ShieldOrbView.swift */ = {isa = PBXFileReference; lastKnownFileType = sourcecode.swift; path = ShieldOrbView.swift; sourceTree = "<group>"; };
		N1000002000 /* GlowingProgressBar.swift */ = {isa = PBXFileReference; lastKnownFileType = sourcecode.swift; path = GlowingProgressBar.swift; sourceTree = "<group>"; };
		N1000003000 /* CosmicCard.swift */ = {isa = PBXFileReference; lastKnownFileType = sourcecode.swift; path = CosmicCard.swift; sourceTree = "<group>"; };
/* End PBXFileReference section */

/* Begin PBXFrameworksBuildPhase section */
		A1000020000 /* Frameworks */ = {
			isa = PBXFrameworksBuildPhase;
			buildActionMask = 2147483647;
			files = (
			);
			runOnlyForDeploymentPostprocessing = 0;
		};
		A2000020000 /* Frameworks */ = {
			isa = PBXFrameworksBuildPhase;
			buildActionMask = 2147483647;
			files = (
			);
			runOnlyForDeploymentPostprocessing = 0;
		};
		A3000020000 /* Frameworks */ = {
			isa = PBXFrameworksBuildPhase;
			buildActionMask = 2147483647;
			files = (
			);
			runOnlyForDeploymentPostprocessing = 0;
		};
		A4000020000 /* Frameworks */ = {
			isa = PBXFrameworksBuildPhase;
			buildActionMask = 2147483647;
			files = (
			);
			runOnlyForDeploymentPostprocessing = 0;
		};
		E5000020000 /* Frameworks */ = {
			isa = PBXFrameworksBuildPhase;
			buildActionMask = 2147483647;
			files = (
			);
			runOnlyForDeploymentPostprocessing = 0;
		};
/* End PBXFrameworksBuildPhase section */

/* Begin PBXContainerItemProxy section */
		F1000020001 /* PBXContainerItemProxy */ = {
			isa = PBXContainerItemProxy;
			containerPortal = A0000000001 /* Project object */;
			proxyType = 1;
			remoteGlobalIDString = A2000000001;
			remoteInfo = DeviceActivityMonitorExtension;
		};
		F1000020002 /* PBXContainerItemProxy */ = {
			isa = PBXContainerItemProxy;
			containerPortal = A0000000001 /* Project object */;
			proxyType = 1;
			remoteGlobalIDString = A3000000001;
			remoteInfo = ShieldConfigurationExtension;
		};
		F1000020003 /* PBXContainerItemProxy */ = {
			isa = PBXContainerItemProxy;
			containerPortal = A0000000001 /* Project object */;
			proxyType = 1;
			remoteGlobalIDString = A4000000001;
			remoteInfo = ShieldActionExtension;
		};
		F1000020004 /* PBXContainerItemProxy */ = {
			isa = PBXContainerItemProxy;
			containerPortal = A0000000001 /* Project object */;
			proxyType = 1;
			remoteGlobalIDString = E5000000001;
			remoteInfo = DeviceActivityReportExtension;
		};
/* End PBXContainerItemProxy section */

/* Begin PBXGroup section */
		A0000000000 = {
			isa = PBXGroup;
			children = (
				A1000030000 /* PomodoroApp */,
				A1000040000 /* Shared */,
				A2000030000 /* DeviceActivityMonitorExtension */,
				A3000030000 /* ShieldConfigurationExtension */,
				A4000030000 /* ShieldActionExtension */,
				E5000030000 /* DeviceActivityReportExtension */,
				A0000000002 /* Products */,
			);
			sourceTree = "<group>";
		};
		A0000000002 /* Products */ = {
			isa = PBXGroup;
			children = (
				A1000000000 /* PomodoroApp.app */,
				A2000000000 /* DeviceActivityMonitorExtension.appex */,
				A3000000000 /* ShieldConfigurationExtension.appex */,
				A4000000000 /* ShieldActionExtension.appex */,
				E5000000000 /* DeviceActivityReportExtension.appex */,
			);
			name = Products;
			sourceTree = "<group>";
		};
		A1000030000 /* PomodoroApp */ = {
			isa = PBXGroup;
			children = (
				A1000001000 /* PomodoroAppApp.swift */,
				A1000031000 /* Views */,
				G1000001000 /* Models */,
				A1000032000 /* Managers */,
				B1000034000 /* Theme */,
				A1000003000 /* Assets.xcassets */,
				A1000009000 /* PomodoroApp.entitlements */,
				P1000001000 /* PrivacyInfo.xcprivacy */,
				A1000033000 /* Preview Content */,
			);
			path = PomodoroApp;
			sourceTree = "<group>";
		};
		A1000031000 /* Views */ = {
			isa = PBXGroup;
			children = (
				A1000002000 /* ContentView.swift */,
				D1000007000 /* MainTabView.swift */,
				B1000030000 /* TimerView.swift */,
				B1000031000 /* AppSelectionView.swift */,
				B1000032000 /* SettingsView.swift */,
				B1000033000 /* AuthorizationRequestView.swift */,
				B1000035000 /* Components */,
				D1000014000 /* Limits */,
				I1000020000 /* Gacha */,
				G1000003000 /* Rewards */,
			);
			path = Views;
			sourceTree = "<group>";
		};
		A1000032000 /* Managers */ = {
			isa = PBXGroup;
			children = (
				A1000005000 /* AuthorizationManager.swift */,
				A1000006000 /* ShieldManager.swift */,
				A1000007000 /* ActivityScheduler.swift */,
				B1000001000 /* PomodoroSession.swift */,
				B1000002000 /* TimerManager.swift */,
				B1000003000 /* NotificationManager.swift */,
				D1000004000 /* LimitsSession.swift */,
				D1000005000 /* LimitsScheduler.swift */,
				D1000006000 /* LimitsShieldManager.swift */,
				H1000006000 /* RewardsManager.swift */,
			);
			path = Managers;
			sourceTree = "<group>";
		};
		A1000033000 /* Preview Content */ = {
			isa = PBXGroup;
			children = (
				A1000004000 /* Preview Assets.xcassets */,
			);
			path = "Preview Content";
			sourceTree = "<group>";
		};
		A1000040000 /* Shared */ = {
			isa = PBXGroup;
			children = (
				A1000008000 /* SharedDataManager.swift */,
				D1000001000 /* TimeSchedule.swift */,
				D1000002000 /* AppLimit.swift */,
				D1000003000 /* UsageRecord.swift */,
			);
			path = Shared;
			sourceTree = "<group>";
		};
		A2000030000 /* DeviceActivityMonitorExtension */ = {
			isa = PBXGroup;
			children = (
				A2000001000 /* PomodoroActivityMonitor.swift */,
				A2000005000 /* Info.plist */,
				A2000006000 /* DeviceActivityMonitorExtension.entitlements */,
			);
			path = DeviceActivityMonitorExtension;
			sourceTree = "<group>";
		};
		A3000030000 /* ShieldConfigurationExtension */ = {
			isa = PBXGroup;
			children = (
				A3000001000 /* PomodoroShieldConfiguration.swift */,
				A3000005000 /* Info.plist */,
				A3000006000 /* ShieldConfigurationExtension.entitlements */,
			);
			path = ShieldConfigurationExtension;
			sourceTree = "<group>";
		};
		A4000030000 /* ShieldActionExtension */ = {
			isa = PBXGroup;
			children = (
				A4000001000 /* PomodoroShieldAction.swift */,
				A4000005000 /* Info.plist */,
				A4000006000 /* ShieldActionExtension.entitlements */,
			);
			path = ShieldActionExtension;
			sourceTree = "<group>";
		};
		B1000034000 /* Theme */ = {
			isa = PBXGroup;
			children = (
				B1000010000 /* Colors.swift */,
				B1000011000 /* Fonts.swift */,
				B1000012000 /* Animations.swift */,
			);
			path = Theme;
			sourceTree = "<group>";
		};
		B1000035000 /* Components */ = {
			isa = PBXGroup;
			children = (
				I1000003000 /* StarParticlesView.swift */,
				I1000004000 /* StarBadge.swift */,
				B1000020000 /* CircularProgressView.swift */,
				G1000004000 /* CircularDurationSlider.swift */,
				B1000021000 /* RoundedButton.swift */,
				HB00001000 /* HoldToGiveUpButton.swift */,
				B1000022000 /* AnimatedTimerText.swift */,
				C1000001000 /* GradientOrbView.swift */,
				2B80937A95164CDAAC931036 /* OrbNebulaCanvas.swift */,
				K1000001000 /* SaturnRingView.swift */,
				N1000001000 /* ShieldOrbView.swift */,
				N1000002000 /* GlowingProgressBar.swift */,
				N1000003000 /* CosmicCard.swift */,
				H1000007000 /* StardustBadge.swift */,
				J1000001000 /* CoolDownOverlayView.swift */,
				J1000002000 /* InsufficientFundsOverlayView.swift */,
			);
			path = Components;
			sourceTree = "<group>";
		};
		D1000014000 /* Limits */ = {
			isa = PBXGroup;
			children = (
				D1000008000 /* LimitsView.swift */,
				D1000009000 /* TimeScheduleListView.swift */,
				D1000010000 /* TimeScheduleEditorView.swift */,
				D1000011000 /* UsageLimitListView.swift */,
				D1000012000 /* UsageLimitEditorView.swift */,
				D1000013000 /* DayOfWeekPicker.swift */,
				E1000001000 /* UsageReportView.swift */,
			);
			path = Limits;
			sourceTree = "<group>";
		};
		E5000030000 /* DeviceActivityReportExtension */ = {
			isa = PBXGroup;
			children = (
				E5000001000 /* UsageReportExtension.swift */,
				E5000005000 /* Info.plist */,
				E5000006000 /* DeviceActivityReportExtension.entitlements */,
			);
			path = DeviceActivityReportExtension;
			sourceTree = "<group>";
		};
		G1000001000 /* Models */ = {
			isa = PBXGroup;
			children = (
				G1000002000 /* Rewards */,
			);
			path = Models;
			sourceTree = "<group>";
		};
		G1000002000 /* Rewards */ = {
			isa = PBXGroup;
			children = (
				I1000001000 /* Gacha.swift */,
				I1000002000 /* GachaConfig.swift */,
				H1000001000 /* Currency.swift */,
				0692CC9E49DC400494EC4E8F /* OrbCollectionHistory.swift */,
				H1000002000 /* OrbStyle.swift */,
				H1000003000 /* UserProgress.swift */,
				H1000004000 /* UserCollection.swift */,
				H1000005000 /* OrbCatalog.swift */,
			);
			path = Rewards;
			sourceTree = "<group>";
		};
		G1000003000 /* Rewards */ = {
			isa = PBXGroup;
			children = (
				H1000008000 /* CollectionView.swift */,
				H1000010000 /* OrbPreviewCard.swift */,
				H1000011000 /* OrbDetailSheet.swift */,
				H1000012000 /* ProgressSummaryView.swift */,
				H1000013000 /* RewardCelebrationView.swift */,
				H1000014000 /* RewardsTabView.swift */,
				F1EE75AC63864C2E87991C71 /* OrbNebulaView.swift */,
				C905C2EA7AE54A44A7514AE4 /* OrbNebulaDetailSheet.swift */,
				D5A3B2C198E04F60BFCD1234 /* OrbNebula3DView.swift */,
			);
			path = Rewards;
			sourceTree = "<group>";
		};
		I1000020000 /* Gacha */ = {
			isa = PBXGroup;
			children = (
				I1000005000 /* GachaView.swift */,
				I1000006000 /* GachaPullResultView.swift */,
				I1000007000 /* GachaPullButton.swift */,
				I1000008000 /* PityProgressView.swift */,
				I1000009000 /* DropRatesDisclosure.swift */,
				I1000010000 /* ShardProgressView.swift */,
				I1000011000 /* RecentPullsSection.swift */,
			);
			path = Gacha;
			sourceTree = "<group>";
		};
/* End PBXGroup section */

/* Begin PBXTargetDependency section */
		F1000030001 /* PBXTargetDependency */ = {
			isa = PBXTargetDependency;
			target = A2000000001 /* DeviceActivityMonitorExtension */;
			targetProxy = F1000020001 /* PBXContainerItemProxy */;
		};
		F1000030002 /* PBXTargetDependency */ = {
			isa = PBXTargetDependency;
			target = A3000000001 /* ShieldConfigurationExtension */;
			targetProxy = F1000020002 /* PBXContainerItemProxy */;
		};
		F1000030003 /* PBXTargetDependency */ = {
			isa = PBXTargetDependency;
			target = A4000000001 /* ShieldActionExtension */;
			targetProxy = F1000020003 /* PBXContainerItemProxy */;
		};
		F1000030004 /* PBXTargetDependency */ = {
			isa = PBXTargetDependency;
			target = E5000000001 /* DeviceActivityReportExtension */;
			targetProxy = F1000020004 /* PBXContainerItemProxy */;
		};
/* End PBXTargetDependency section */

/* Begin PBXNativeTarget section */
		A1000000001 /* PomodoroApp */ = {
			isa = PBXNativeTarget;
			buildConfigurationList = A1000050000 /* Build configuration list for PBXNativeTarget "PomodoroApp" */;
			buildPhases = (
				A1000060000 /* Sources */,
				A1000020000 /* Frameworks */,
				A1000070000 /* Resources */,
				F1000010000 /* Embed App Extensions */,
			);
			buildRules = (
			);
			dependencies = (
				F1000030001 /* PBXTargetDependency */,
				F1000030002 /* PBXTargetDependency */,
				F1000030003 /* PBXTargetDependency */,
				F1000030004 /* PBXTargetDependency */,
			);
			name = PomodoroApp;
			productName = PomodoroApp;
			productReference = A1000000000 /* PomodoroApp.app */;
			productType = "com.apple.product-type.application";
		};
		A2000000001 /* DeviceActivityMonitorExtension */ = {
			isa = PBXNativeTarget;
			buildConfigurationList = A2000050000 /* Build configuration list for PBXNativeTarget "DeviceActivityMonitorExtension" */;
			buildPhases = (
				A2000060000 /* Sources */,
				A2000020000 /* Frameworks */,
				A2000070000 /* Resources */,
			);
			buildRules = (
			);
			dependencies = (
			);
			name = DeviceActivityMonitorExtension;
			productName = DeviceActivityMonitorExtension;
			productReference = A2000000000 /* DeviceActivityMonitorExtension.appex */;
			productType = "com.apple.product-type.app-extension";
		};
		A3000000001 /* ShieldConfigurationExtension */ = {
			isa = PBXNativeTarget;
			buildConfigurationList = A3000050000 /* Build configuration list for PBXNativeTarget "ShieldConfigurationExtension" */;
			buildPhases = (
				A3000060000 /* Sources */,
				A3000020000 /* Frameworks */,
				A3000070000 /* Resources */,
			);
			buildRules = (
			);
			dependencies = (
			);
			name = ShieldConfigurationExtension;
			productName = ShieldConfigurationExtension;
			productReference = A3000000000 /* ShieldConfigurationExtension.appex */;
			productType = "com.apple.product-type.app-extension";
		};
		A4000000001 /* ShieldActionExtension */ = {
			isa = PBXNativeTarget;
			buildConfigurationList = A4000050000 /* Build configuration list for PBXNativeTarget "ShieldActionExtension" */;
			buildPhases = (
				A4000060000 /* Sources */,
				A4000020000 /* Frameworks */,
				A4000070000 /* Resources */,
			);
			buildRules = (
			);
			dependencies = (
			);
			name = ShieldActionExtension;
			productName = ShieldActionExtension;
			productReference = A4000000000 /* ShieldActionExtension.appex */;
			productType = "com.apple.product-type.app-extension";
		};
		E5000000001 /* DeviceActivityReportExtension */ = {
			isa = PBXNativeTarget;
			buildConfigurationList = E5000050000 /* Build configuration list for PBXNativeTarget "DeviceActivityReportExtension" */;
			buildPhases = (
				E5000060000 /* Sources */,
				E5000020000 /* Frameworks */,
				E5000070000 /* Resources */,
			);
			buildRules = (
			);
			dependencies = (
			);
			name = DeviceActivityReportExtension;
			productName = DeviceActivityReportExtension;
			productReference = E5000000000 /* DeviceActivityReportExtension.appex */;
			productType = "com.apple.product-type.app-extension";
		};
/* End PBXNativeTarget section */

/* Begin PBXProject section */
		A0000000001 /* Project object */ = {
			isa = PBXProject;
			attributes = {
				BuildIndependentTargetsInParallel = 1;
				LastSwiftUpdateCheck = 1500;
				LastUpgradeCheck = 1500;
				TargetAttributes = {
					A1000000001 = {
						CreatedOnToolsVersion = 15.0;
					};
					A2000000001 = {
						CreatedOnToolsVersion = 15.0;
					};
					A3000000001 = {
						CreatedOnToolsVersion = 15.0;
					};
					A4000000001 = {
						CreatedOnToolsVersion = 15.0;
					};
					E5000000001 = {
						CreatedOnToolsVersion = 15.0;
					};
				};
			};
			buildConfigurationList = A0000000003 /* Build configuration list for PBXProject "PomodoroApp" */;
			compatibilityVersion = "Xcode 14.0";
			developmentRegion = en;
			hasScannedForEncodings = 0;
			knownRegions = (
				en,
				Base,
			);
			mainGroup = A0000000000;
			productRefGroup = A0000000002 /* Products */;
			projectDirPath = "";
			projectRoot = "";
			targets = (
				A1000000001 /* PomodoroApp */,
				A2000000001 /* DeviceActivityMonitorExtension */,
				A3000000001 /* ShieldConfigurationExtension */,
				A4000000001 /* ShieldActionExtension */,
				E5000000001 /* DeviceActivityReportExtension */,
			);
		};
/* End PBXProject section */

/* Begin PBXResourcesBuildPhase section */
		A1000070000 /* Resources */ = {
			isa = PBXResourcesBuildPhase;
			buildActionMask = 2147483647;
			files = (
				A1000004001 /* Preview Assets.xcassets in Resources */,
				A1000003001 /* Assets.xcassets in Resources */,
				P1000001001 /* PrivacyInfo.xcprivacy in Resources */,
			);
			runOnlyForDeploymentPostprocessing = 0;
		};
		A2000070000 /* Resources */ = {
			isa = PBXResourcesBuildPhase;
			buildActionMask = 2147483647;
			files = (
			);
			runOnlyForDeploymentPostprocessing = 0;
		};
		A3000070000 /* Resources */ = {
			isa = PBXResourcesBuildPhase;
			buildActionMask = 2147483647;
			files = (
			);
			runOnlyForDeploymentPostprocessing = 0;
		};
		A4000070000 /* Resources */ = {
			isa = PBXResourcesBuildPhase;
			buildActionMask = 2147483647;
			files = (
			);
			runOnlyForDeploymentPostprocessing = 0;
		};
		E5000070000 /* Resources */ = {
			isa = PBXResourcesBuildPhase;
			buildActionMask = 2147483647;
			files = (
			);
			runOnlyForDeploymentPostprocessing = 0;
		};
/* End PBXResourcesBuildPhase section */

/* Begin PBXCopyFilesBuildPhase section */
		F1000010000 /* Embed App Extensions */ = {
			isa = PBXCopyFilesBuildPhase;
			buildActionMask = 2147483647;
			dstPath = "";
			dstSubfolderSpec = 13;
			files = (
				F1000001001 /* DeviceActivityMonitorExtension.appex in Embed App Extensions */,
				F1000002001 /* ShieldConfigurationExtension.appex in Embed App Extensions */,
				F1000003001 /* ShieldActionExtension.appex in Embed App Extensions */,
				F1000004001 /* DeviceActivityReportExtension.appex in Embed App Extensions */,
			);
			name = "Embed App Extensions";
			runOnlyForDeploymentPostprocessing = 0;
		};
/* End PBXCopyFilesBuildPhase section */

/* Begin PBXSourcesBuildPhase section */
		A1000060000 /* Sources */ = {
			isa = PBXSourcesBuildPhase;
			buildActionMask = 2147483647;
			files = (
				A1000001001 /* PomodoroAppApp.swift in Sources */,
				A1000002001 /* ContentView.swift in Sources */,
				A1000005001 /* AuthorizationManager.swift in Sources */,
				A1000006001 /* ShieldManager.swift in Sources */,
				A1000007001 /* ActivityScheduler.swift in Sources */,
				A1000008001 /* SharedDataManager.swift in Sources */,
				B1000001001 /* PomodoroSession.swift in Sources */,
				B1000002001 /* TimerManager.swift in Sources */,
				B1000003001 /* NotificationManager.swift in Sources */,
				B1000010001 /* Colors.swift in Sources */,
				B1000011001 /* Fonts.swift in Sources */,
				B1000012001 /* Animations.swift in Sources */,
				B1000020001 /* CircularProgressView.swift in Sources */,
				G1000004001 /* CircularDurationSlider.swift in Sources */,
				B1000021001 /* RoundedButton.swift in Sources */,
				HB00001001 /* HoldToGiveUpButton.swift in Sources */,
				B1000022001 /* AnimatedTimerText.swift in Sources */,
				B1000030001 /* TimerView.swift in Sources */,
				100D53149D164120A2AEF280 /* OrbCollectionHistory.swift in Sources */,
				51A5651549C04762BB788377 /* OrbNebulaView.swift in Sources */,
				80285C83AACC4ED081BDC755 /* OrbNebulaDetailSheet.swift in Sources */,
				3972B347B5B34C8198A848C7 /* OrbNebulaCanvas.swift in Sources */,
				E6B4C3D298F15061CFDE2345 /* OrbNebula3DView.swift in Sources */,
				B1000031001 /* AppSelectionView.swift in Sources */,
				B1000032001 /* SettingsView.swift in Sources */,
				B1000033001 /* AuthorizationRequestView.swift in Sources */,
				C1000001001 /* GradientOrbView.swift in Sources */,
				K1000001001 /* SaturnRingView.swift in Sources */,
				N1000001001 /* ShieldOrbView.swift in Sources */,
				N1000002001 /* GlowingProgressBar.swift in Sources */,
				N1000003001 /* CosmicCard.swift in Sources */,
				D1000001001 /* TimeSchedule.swift in Sources */,
				D1000002001 /* AppLimit.swift in Sources */,
				D1000003001 /* UsageRecord.swift in Sources */,
				D1000004001 /* LimitsSession.swift in Sources */,
				D1000005001 /* LimitsScheduler.swift in Sources */,
				D1000006001 /* LimitsShieldManager.swift in Sources */,
				D1000007001 /* MainTabView.swift in Sources */,
				D1000008001 /* LimitsView.swift in Sources */,
				D1000009001 /* TimeScheduleListView.swift in Sources */,
				D1000010001 /* TimeScheduleEditorView.swift in Sources */,
				D1000011001 /* UsageLimitListView.swift in Sources */,
				D1000012001 /* UsageLimitEditorView.swift in Sources */,
				D1000013001 /* DayOfWeekPicker.swift in Sources */,
				E1000001001 /* UsageReportView.swift in Sources */,
				H1000001001 /* Currency.swift in Sources */,
				H1000002001 /* OrbStyle.swift in Sources */,
				H1000003001 /* UserProgress.swift in Sources */,
				H1000004001 /* UserCollection.swift in Sources */,
				H1000005001 /* OrbCatalog.swift in Sources */,
				H1000006001 /* RewardsManager.swift in Sources */,
				H1000007001 /* StardustBadge.swift in Sources */,
				H1000008001 /* CollectionView.swift in Sources */,
				H1000010001 /* OrbPreviewCard.swift in Sources */,
				H1000011001 /* OrbDetailSheet.swift in Sources */,
				H1000012001 /* ProgressSummaryView.swift in Sources */,
				H1000013001 /* RewardCelebrationView.swift in Sources */,
				H1000014001 /* RewardsTabView.swift in Sources */,
				I1000001001 /* Gacha.swift in Sources */,
				I1000002001 /* GachaConfig.swift in Sources */,
				I1000003001 /* StarParticlesView.swift in Sources */,
				I1000004001 /* StarBadge.swift in Sources */,
				I1000005001 /* GachaView.swift in Sources */,
				I1000006001 /* GachaPullResultView.swift in Sources */,
				I1000007001 /* GachaPullButton.swift in Sources */,
				I1000008001 /* PityProgressView.swift in Sources */,
				I1000009001 /* DropRatesDisclosure.swift in Sources */,
				I1000010001 /* ShardProgressView.swift in Sources */,
				I1000011001 /* RecentPullsSection.swift in Sources */,
				J1000001001 /* CoolDownOverlayView.swift in Sources */,
				J1000002001 /* InsufficientFundsOverlayView.swift in Sources */,
			);
			runOnlyForDeploymentPostprocessing = 0;
		};
		A2000060000 /* Sources */ = {
			isa = PBXSourcesBuildPhase;
			buildActionMask = 2147483647;
			files = (
				A2000001001 /* PomodoroActivityMonitor.swift in Sources */,
				A2000002001 /* SharedDataManager.swift in Sources */,
				D2000001001 /* TimeSchedule.swift in Sources */,
				D2000002001 /* AppLimit.swift in Sources */,
				D2000003001 /* UsageRecord.swift in Sources */,
			);
			runOnlyForDeploymentPostprocessing = 0;
		};
		A3000060000 /* Sources */ = {
			isa = PBXSourcesBuildPhase;
			buildActionMask = 2147483647;
			files = (
				A3000001001 /* PomodoroShieldConfiguration.swift in Sources */,
				A3000002001 /* SharedDataManager.swift in Sources */,
				D3000001001 /* TimeSchedule.swift in Sources */,
				D3000002001 /* AppLimit.swift in Sources */,
				D3000003001 /* UsageRecord.swift in Sources */,
			);
			runOnlyForDeploymentPostprocessing = 0;
		};
		A4000060000 /* Sources */ = {
			isa = PBXSourcesBuildPhase;
			buildActionMask = 2147483647;
			files = (
				A4000001001 /* PomodoroShieldAction.swift in Sources */,
				A4000002001 /* SharedDataManager.swift in Sources */,
				D4000001001 /* TimeSchedule.swift in Sources */,
				D4000002001 /* AppLimit.swift in Sources */,
				D4000003001 /* UsageRecord.swift in Sources */,
			);
			runOnlyForDeploymentPostprocessing = 0;
		};
		E5000060000 /* Sources */ = {
			isa = PBXSourcesBuildPhase;
			buildActionMask = 2147483647;
			files = (
				E5000001001 /* UsageReportExtension.swift in Sources */,
				E5000002001 /* SharedDataManager.swift in Sources */,
				E5000003001 /* TimeSchedule.swift in Sources */,
				E5000004001 /* AppLimit.swift in Sources */,
				E5000005001 /* UsageRecord.swift in Sources */,
			);
			runOnlyForDeploymentPostprocessing = 0;
		};
/* End PBXSourcesBuildPhase section */

/* Begin XCBuildConfiguration section */
		A0000000004 /* Debug */ = {
			isa = XCBuildConfiguration;
			buildSettings = {
				ALWAYS_SEARCH_USER_PATHS = NO;
				ASSETCATALOG_COMPILER_GENERATE_SWIFT_ASSET_SYMBOL_EXTENSIONS = YES;
				CLANG_ANALYZER_NONNULL = YES;
				CLANG_ANALYZER_NUMBER_OBJECT_CONVERSION = YES_AGGRESSIVE;
				CLANG_CXX_LANGUAGE_STANDARD = "gnu++20";
				CLANG_ENABLE_MODULES = YES;
				CLANG_ENABLE_OBJC_ARC = YES;
				CLANG_ENABLE_OBJC_WEAK = YES;
				CLANG_WARN_BLOCK_CAPTURE_AUTORELEASING = YES;
				CLANG_WARN_BOOL_CONVERSION = YES;
				CLANG_WARN_COMMA = YES;
				CLANG_WARN_CONSTANT_CONVERSION = YES;
				CLANG_WARN_DEPRECATED_OBJC_IMPLEMENTATIONS = YES;
				CLANG_WARN_DIRECT_OBJC_ISA_USAGE = YES_ERROR;
				CLANG_WARN_DOCUMENTATION_COMMENTS = YES;
				CLANG_WARN_EMPTY_BODY = YES;
				CLANG_WARN_ENUM_CONVERSION = YES;
				CLANG_WARN_INFINITE_RECURSION = YES;
				CLANG_WARN_INT_CONVERSION = YES;
				CLANG_WARN_NON_LITERAL_NULL_CONVERSION = YES;
				CLANG_WARN_OBJC_IMPLICIT_RETAIN_SELF = YES;
				CLANG_WARN_OBJC_LITERAL_CONVERSION = YES;
				CLANG_WARN_OBJC_ROOT_CLASS = YES_ERROR;
				CLANG_WARN_QUOTED_INCLUDE_IN_FRAMEWORK_HEADER = YES;
				CLANG_WARN_RANGE_LOOP_ANALYSIS = YES;
				CLANG_WARN_STRICT_PROTOTYPES = YES;
				CLANG_WARN_SUSPICIOUS_MOVE = YES;
				CLANG_WARN_UNGUARDED_AVAILABILITY = YES_AGGRESSIVE;
				CLANG_WARN_UNREACHABLE_CODE = YES;
				CLANG_WARN__DUPLICATE_METHOD_MATCH = YES;
				COPY_PHASE_STRIP = NO;
				DEBUG_INFORMATION_FORMAT = dwarf;
				ENABLE_STRICT_OBJC_MSGSEND = YES;
				ENABLE_TESTABILITY = YES;
				ENABLE_USER_SCRIPT_SANDBOXING = YES;
				GCC_C_LANGUAGE_STANDARD = gnu17;
				GCC_DYNAMIC_NO_PIC = NO;
				GCC_NO_COMMON_BLOCKS = YES;
				GCC_OPTIMIZATION_LEVEL = 0;
				GCC_PREPROCESSOR_DEFINITIONS = (
					"DEBUG=1",
					"$(inherited)",
				);
				GCC_WARN_64_TO_32_BIT_CONVERSION = YES;
				GCC_WARN_ABOUT_RETURN_TYPE = YES_ERROR;
				GCC_WARN_UNDECLARED_SELECTOR = YES;
				GCC_WARN_UNINITIALIZED_AUTOS = YES_AGGRESSIVE;
				GCC_WARN_UNUSED_FUNCTION = YES;
				GCC_WARN_UNUSED_VARIABLE = YES;
				IPHONEOS_DEPLOYMENT_TARGET = 16.0;
				LOCALIZATION_PREFERS_STRING_CATALOGS = YES;
				MTL_ENABLE_DEBUG_INFO = INCLUDE_SOURCE;
				MTL_FAST_MATH = YES;
				ONLY_ACTIVE_ARCH = YES;
				SDKROOT = iphoneos;
				SWIFT_ACTIVE_COMPILATION_CONDITIONS = "DEBUG $(inherited)";
				SWIFT_OPTIMIZATION_LEVEL = "-Onone";
			};
			name = Debug;
		};
		A0000000005 /* Release */ = {
			isa = XCBuildConfiguration;
			buildSettings = {
				ALWAYS_SEARCH_USER_PATHS = NO;
				ASSETCATALOG_COMPILER_GENERATE_SWIFT_ASSET_SYMBOL_EXTENSIONS = YES;
				CLANG_ANALYZER_NONNULL = YES;
				CLANG_ANALYZER_NUMBER_OBJECT_CONVERSION = YES_AGGRESSIVE;
				CLANG_CXX_LANGUAGE_STANDARD = "gnu++20";
				CLANG_ENABLE_MODULES = YES;
				CLANG_ENABLE_OBJC_ARC = YES;
				CLANG_ENABLE_OBJC_WEAK = YES;
				CLANG_WARN_BLOCK_CAPTURE_AUTORELEASING = YES;
				CLANG_WARN_BOOL_CONVERSION = YES;
				CLANG_WARN_COMMA = YES;
				CLANG_WARN_CONSTANT_CONVERSION = YES;
				CLANG_WARN_DEPRECATED_OBJC_IMPLEMENTATIONS = YES;
				CLANG_WARN_DIRECT_OBJC_ISA_USAGE = YES_ERROR;
				CLANG_WARN_DOCUMENTATION_COMMENTS = YES;
				CLANG_WARN_EMPTY_BODY = YES;
				CLANG_WARN_ENUM_CONVERSION = YES;
				CLANG_WARN_INFINITE_RECURSION = YES;
				CLANG_WARN_INT_CONVERSION = YES;
				CLANG_WARN_NON_LITERAL_NULL_CONVERSION = YES;
				CLANG_WARN_OBJC_IMPLICIT_RETAIN_SELF = YES;
				CLANG_WARN_OBJC_LITERAL_CONVERSION = YES;
				CLANG_WARN_OBJC_ROOT_CLASS = YES_ERROR;
				CLANG_WARN_QUOTED_INCLUDE_IN_FRAMEWORK_HEADER = YES;
				CLANG_WARN_RANGE_LOOP_ANALYSIS = YES;
				CLANG_WARN_STRICT_PROTOTYPES = YES;
				CLANG_WARN_SUSPICIOUS_MOVE = YES;
				CLANG_WARN_UNGUARDED_AVAILABILITY = YES_AGGRESSIVE;
				CLANG_WARN_UNREACHABLE_CODE = YES;
				CLANG_WARN__DUPLICATE_METHOD_MATCH = YES;
				COPY_PHASE_STRIP = NO;
				DEBUG_INFORMATION_FORMAT = "dwarf-with-dsym";
				ENABLE_NS_ASSERTIONS = NO;
				ENABLE_STRICT_OBJC_MSGSEND = YES;
				ENABLE_USER_SCRIPT_SANDBOXING = YES;
				GCC_C_LANGUAGE_STANDARD = gnu17;
				GCC_NO_COMMON_BLOCKS = YES;
				GCC_WARN_64_TO_32_BIT_CONVERSION = YES;
				GCC_WARN_ABOUT_RETURN_TYPE = YES_ERROR;
				GCC_WARN_UNDECLARED_SELECTOR = YES;
				GCC_WARN_UNINITIALIZED_AUTOS = YES_AGGRESSIVE;
				GCC_WARN_UNUSED_FUNCTION = YES;
				GCC_WARN_UNUSED_VARIABLE = YES;
				IPHONEOS_DEPLOYMENT_TARGET = 16.0;
				LOCALIZATION_PREFERS_STRING_CATALOGS = YES;
				MTL_ENABLE_DEBUG_INFO = NO;
				MTL_FAST_MATH = YES;
				SDKROOT = iphoneos;
				SWIFT_COMPILATION_MODE = wholemodule;
				VALIDATE_PRODUCT = YES;
			};
			name = Release;
		};
		A1000051000 /* Debug */ = {
			isa = XCBuildConfiguration;
			buildSettings = {
				ALWAYS_EMBED_SWIFT_STANDARD_LIBRARIES = YES;
				ASSETCATALOG_COMPILER_APPICON_NAME = AppIcon;
				ASSETCATALOG_COMPILER_GLOBAL_ACCENT_COLOR_NAME = AccentColor;
				CODE_SIGN_ENTITLEMENTS = PomodoroApp/PomodoroApp.entitlements;
				CODE_SIGN_STYLE = Automatic;
				CURRENT_PROJECT_VERSION = 1;
				DEVELOPMENT_ASSET_PATHS = "\"PomodoroApp/Preview Content\"";
				DEVELOPMENT_TEAM = GMR2G7RSAM;
				ENABLE_PREVIEWS = YES;
				GENERATE_INFOPLIST_FILE = YES;
				INFOPLIST_KEY_CFBundleDisplayName = Orchard;
				INFOPLIST_KEY_UIApplicationSceneManifest_Generation = YES;
				INFOPLIST_KEY_UIApplicationSupportsIndirectInputEvents = YES;
				INFOPLIST_KEY_UILaunchScreen_Generation = YES;
				INFOPLIST_KEY_UISupportedInterfaceOrientations_iPad = "UIInterfaceOrientationPortrait UIInterfaceOrientationPortraitUpsideDown UIInterfaceOrientationLandscapeLeft UIInterfaceOrientationLandscapeRight";
				INFOPLIST_KEY_UISupportedInterfaceOrientations_iPhone = "UIInterfaceOrientationPortrait UIInterfaceOrientationLandscapeLeft UIInterfaceOrientationLandscapeRight";
				LD_RUNPATH_SEARCH_PATHS = (
					"$(inherited)",
					"@executable_path/Frameworks",
				);
				MARKETING_VERSION = 1.0;
				PRODUCT_BUNDLE_IDENTIFIER = com.orchard.app;
				PRODUCT_NAME = "$(TARGET_NAME)";
				SWIFT_EMIT_LOC_STRINGS = YES;
				SWIFT_VERSION = 5.0;
				TARGETED_DEVICE_FAMILY = "1,2";
			};
			name = Debug;
		};
		A1000052000 /* Release */ = {
			isa = XCBuildConfiguration;
			buildSettings = {
				ALWAYS_EMBED_SWIFT_STANDARD_LIBRARIES = YES;
				ASSETCATALOG_COMPILER_APPICON_NAME = AppIcon;
				ASSETCATALOG_COMPILER_GLOBAL_ACCENT_COLOR_NAME = AccentColor;
				CODE_SIGN_ENTITLEMENTS = PomodoroApp/PomodoroApp.entitlements;
				CODE_SIGN_STYLE = Automatic;
				CURRENT_PROJECT_VERSION = 1;
				DEVELOPMENT_ASSET_PATHS = "\"PomodoroApp/Preview Content\"";
				DEVELOPMENT_TEAM = GMR2G7RSAM;
				ENABLE_PREVIEWS = YES;
				GENERATE_INFOPLIST_FILE = YES;
				INFOPLIST_KEY_CFBundleDisplayName = Orchard;
				INFOPLIST_KEY_UIApplicationSceneManifest_Generation = YES;
				INFOPLIST_KEY_UIApplicationSupportsIndirectInputEvents = YES;
				INFOPLIST_KEY_UILaunchScreen_Generation = YES;
				INFOPLIST_KEY_UISupportedInterfaceOrientations_iPad = "UIInterfaceOrientationPortrait UIInterfaceOrientationPortraitUpsideDown UIInterfaceOrientationLandscapeLeft UIInterfaceOrientationLandscapeRight";
				INFOPLIST_KEY_UISupportedInterfaceOrientations_iPhone = "UIInterfaceOrientationPortrait UIInterfaceOrientationLandscapeLeft UIInterfaceOrientationLandscapeRight";
				LD_RUNPATH_SEARCH_PATHS = (
					"$(inherited)",
					"@executable_path/Frameworks",
				);
				MARKETING_VERSION = 1.0;
				PRODUCT_BUNDLE_IDENTIFIER = com.orchard.app;
				PRODUCT_NAME = "$(TARGET_NAME)";
				SWIFT_EMIT_LOC_STRINGS = YES;
				SWIFT_VERSION = 5.0;
				TARGETED_DEVICE_FAMILY = "1,2";
			};
			name = Release;
		};
		A2000051000 /* Debug */ = {
			isa = XCBuildConfiguration;
			buildSettings = {
				CODE_SIGN_ENTITLEMENTS = DeviceActivityMonitorExtension/DeviceActivityMonitorExtension.entitlements;
				CODE_SIGN_STYLE = Automatic;
				CURRENT_PROJECT_VERSION = 1;
				DEVELOPMENT_TEAM = GMR2G7RSAM;
				"EXCLUDED_ARCHS[sdk=iphonesimulator*]" = "arm64 x86_64";
				GENERATE_INFOPLIST_FILE = YES;
				INFOPLIST_FILE = DeviceActivityMonitorExtension/Info.plist;
				INFOPLIST_KEY_CFBundleDisplayName = DeviceActivityMonitorExtension;
				INFOPLIST_KEY_NSHumanReadableCopyright = "";
				LD_RUNPATH_SEARCH_PATHS = (
					"$(inherited)",
					"@executable_path/Frameworks",
					"@executable_path/../../Frameworks",
				);
				MARKETING_VERSION = 1.0;
				PRODUCT_BUNDLE_IDENTIFIER = com.orchard.app.DeviceActivityMonitorExtension;
				PRODUCT_NAME = "$(TARGET_NAME)";
				SKIP_INSTALL = YES;
				SUPPORTED_PLATFORMS = iphoneos;
				SUPPORTS_MACCATALYST = NO;
				SWIFT_EMIT_LOC_STRINGS = YES;
				SWIFT_VERSION = 5.0;
				TARGETED_DEVICE_FAMILY = "1,2";
			};
			name = Debug;
		};
		A2000052000 /* Release */ = {
			isa = XCBuildConfiguration;
			buildSettings = {
				CODE_SIGN_ENTITLEMENTS = DeviceActivityMonitorExtension/DeviceActivityMonitorExtension.entitlements;
				CODE_SIGN_STYLE = Automatic;
				CURRENT_PROJECT_VERSION = 1;
				DEVELOPMENT_TEAM = GMR2G7RSAM;
				"EXCLUDED_ARCHS[sdk=iphonesimulator*]" = "arm64 x86_64";
				GENERATE_INFOPLIST_FILE = YES;
				INFOPLIST_FILE = DeviceActivityMonitorExtension/Info.plist;
				INFOPLIST_KEY_CFBundleDisplayName = DeviceActivityMonitorExtension;
				INFOPLIST_KEY_NSHumanReadableCopyright = "";
				LD_RUNPATH_SEARCH_PATHS = (
					"$(inherited)",
					"@executable_path/Frameworks",
					"@executable_path/../../Frameworks",
				);
				MARKETING_VERSION = 1.0;
				PRODUCT_BUNDLE_IDENTIFIER = com.orchard.app.DeviceActivityMonitorExtension;
				PRODUCT_NAME = "$(TARGET_NAME)";
				SKIP_INSTALL = YES;
				SUPPORTED_PLATFORMS = iphoneos;
				SUPPORTS_MACCATALYST = NO;
				SWIFT_EMIT_LOC_STRINGS = YES;
				SWIFT_VERSION = 5.0;
				TARGETED_DEVICE_FAMILY = "1,2";
			};
			name = Release;
		};
		A3000051000 /* Debug */ = {
			isa = XCBuildConfiguration;
			buildSettings = {
				CODE_SIGN_ENTITLEMENTS = ShieldConfigurationExtension/ShieldConfigurationExtension.entitlements;
				CODE_SIGN_STYLE = Automatic;
				CURRENT_PROJECT_VERSION = 1;
				DEVELOPMENT_TEAM = GMR2G7RSAM;
				"EXCLUDED_ARCHS[sdk=iphonesimulator*]" = "arm64 x86_64";
				GENERATE_INFOPLIST_FILE = YES;
				INFOPLIST_FILE = ShieldConfigurationExtension/Info.plist;
				INFOPLIST_KEY_CFBundleDisplayName = ShieldConfigurationExtension;
				INFOPLIST_KEY_NSHumanReadableCopyright = "";
				LD_RUNPATH_SEARCH_PATHS = (
					"$(inherited)",
					"@executable_path/Frameworks",
					"@executable_path/../../Frameworks",
				);
				MARKETING_VERSION = 1.0;
				PRODUCT_BUNDLE_IDENTIFIER = com.orchard.app.ShieldConfigurationExtension;
				PRODUCT_NAME = "$(TARGET_NAME)";
				SKIP_INSTALL = YES;
				SUPPORTED_PLATFORMS = iphoneos;
				SUPPORTS_MACCATALYST = NO;
				SWIFT_EMIT_LOC_STRINGS = YES;
				SWIFT_VERSION = 5.0;
				TARGETED_DEVICE_FAMILY = "1,2";
			};
			name = Debug;
		};
		A3000052000 /* Release */ = {
			isa = XCBuildConfiguration;
			buildSettings = {
				CODE_SIGN_ENTITLEMENTS = ShieldConfigurationExtension/ShieldConfigurationExtension.entitlements;
				CODE_SIGN_STYLE = Automatic;
				CURRENT_PROJECT_VERSION = 1;
				DEVELOPMENT_TEAM = GMR2G7RSAM;
				"EXCLUDED_ARCHS[sdk=iphonesimulator*]" = "arm64 x86_64";
				GENERATE_INFOPLIST_FILE = YES;
				INFOPLIST_FILE = ShieldConfigurationExtension/Info.plist;
				INFOPLIST_KEY_CFBundleDisplayName = ShieldConfigurationExtension;
				INFOPLIST_KEY_NSHumanReadableCopyright = "";
				LD_RUNPATH_SEARCH_PATHS = (
					"$(inherited)",
					"@executable_path/Frameworks",
					"@executable_path/../../Frameworks",
				);
				MARKETING_VERSION = 1.0;
				PRODUCT_BUNDLE_IDENTIFIER = com.orchard.app.ShieldConfigurationExtension;
				PRODUCT_NAME = "$(TARGET_NAME)";
				SKIP_INSTALL = YES;
				SUPPORTED_PLATFORMS = iphoneos;
				SUPPORTS_MACCATALYST = NO;
				SWIFT_EMIT_LOC_STRINGS = YES;
				SWIFT_VERSION = 5.0;
				TARGETED_DEVICE_FAMILY = "1,2";
			};
			name = Release;
		};
		A4000051000 /* Debug */ = {
			isa = XCBuildConfiguration;
			buildSettings = {
				CODE_SIGN_ENTITLEMENTS = ShieldActionExtension/ShieldActionExtension.entitlements;
				CODE_SIGN_STYLE = Automatic;
				CURRENT_PROJECT_VERSION = 1;
				DEVELOPMENT_TEAM = GMR2G7RSAM;
				"EXCLUDED_ARCHS[sdk=iphonesimulator*]" = "arm64 x86_64";
				GENERATE_INFOPLIST_FILE = YES;
				INFOPLIST_FILE = ShieldActionExtension/Info.plist;
				INFOPLIST_KEY_CFBundleDisplayName = ShieldActionExtension;
				INFOPLIST_KEY_NSHumanReadableCopyright = "";
				LD_RUNPATH_SEARCH_PATHS = (
					"$(inherited)",
					"@executable_path/Frameworks",
					"@executable_path/../../Frameworks",
				);
				MARKETING_VERSION = 1.0;
				PRODUCT_BUNDLE_IDENTIFIER = com.orchard.app.ShieldActionExtension;
				PRODUCT_NAME = "$(TARGET_NAME)";
				SKIP_INSTALL = YES;
				SUPPORTED_PLATFORMS = iphoneos;
				SUPPORTS_MACCATALYST = NO;
				SWIFT_EMIT_LOC_STRINGS = YES;
				SWIFT_VERSION = 5.0;
				TARGETED_DEVICE_FAMILY = "1,2";
			};
			name = Debug;
		};
		A4000052000 /* Release */ = {
			isa = XCBuildConfiguration;
			buildSettings = {
				CODE_SIGN_ENTITLEMENTS = ShieldActionExtension/ShieldActionExtension.entitlements;
				CODE_SIGN_STYLE = Automatic;
				CURRENT_PROJECT_VERSION = 1;
				DEVELOPMENT_TEAM = GMR2G7RSAM;
				"EXCLUDED_ARCHS[sdk=iphonesimulator*]" = "arm64 x86_64";
				GENERATE_INFOPLIST_FILE = YES;
				INFOPLIST_FILE = ShieldActionExtension/Info.plist;
				INFOPLIST_KEY_CFBundleDisplayName = ShieldActionExtension;
				INFOPLIST_KEY_NSHumanReadableCopyright = "";
				LD_RUNPATH_SEARCH_PATHS = (
					"$(inherited)",
					"@executable_path/Frameworks",
					"@executable_path/../../Frameworks",
				);
				MARKETING_VERSION = 1.0;
				PRODUCT_BUNDLE_IDENTIFIER = com.orchard.app.ShieldActionExtension;
				PRODUCT_NAME = "$(TARGET_NAME)";
				SKIP_INSTALL = YES;
				SUPPORTED_PLATFORMS = iphoneos;
				SUPPORTS_MACCATALYST = NO;
				SWIFT_EMIT_LOC_STRINGS = YES;
				SWIFT_VERSION = 5.0;
				TARGETED_DEVICE_FAMILY = "1,2";
			};
			name = Release;
		};
		E5000051000 /* Debug */ = {
			isa = XCBuildConfiguration;
			buildSettings = {
				CODE_SIGN_ENTITLEMENTS = DeviceActivityReportExtension/DeviceActivityReportExtension.entitlements;
				CODE_SIGN_STYLE = Automatic;
				CURRENT_PROJECT_VERSION = 1;
				DEVELOPMENT_TEAM = GMR2G7RSAM;
				"EXCLUDED_ARCHS[sdk=iphonesimulator*]" = "arm64 x86_64";
				GENERATE_INFOPLIST_FILE = YES;
				INFOPLIST_FILE = DeviceActivityReportExtension/Info.plist;
				INFOPLIST_KEY_CFBundleDisplayName = DeviceActivityReportExtension;
				INFOPLIST_KEY_NSHumanReadableCopyright = "";
				LD_RUNPATH_SEARCH_PATHS = (
					"$(inherited)",
					"@executable_path/Frameworks",
					"@executable_path/../../Frameworks",
				);
				MARKETING_VERSION = 1.0;
				PRODUCT_BUNDLE_IDENTIFIER = com.orchard.app.DeviceActivityReportExtension;
				PRODUCT_NAME = "$(TARGET_NAME)";
				SKIP_INSTALL = YES;
				SUPPORTED_PLATFORMS = iphoneos;
				SUPPORTS_MACCATALYST = NO;
				SWIFT_EMIT_LOC_STRINGS = YES;
				SWIFT_VERSION = 5.0;
				TARGETED_DEVICE_FAMILY = "1,2";
			};
			name = Debug;
		};
		E5000052000 /* Release */ = {
			isa = XCBuildConfiguration;
			buildSettings = {
				CODE_SIGN_ENTITLEMENTS = DeviceActivityReportExtension/DeviceActivityReportExtension.entitlements;
				CODE_SIGN_STYLE = Automatic;
				CURRENT_PROJECT_VERSION = 1;
				DEVELOPMENT_TEAM = GMR2G7RSAM;
				"EXCLUDED_ARCHS[sdk=iphonesimulator*]" = "arm64 x86_64";
				GENERATE_INFOPLIST_FILE = YES;
				INFOPLIST_FILE = DeviceActivityReportExtension/Info.plist;
				INFOPLIST_KEY_CFBundleDisplayName = DeviceActivityReportExtension;
				INFOPLIST_KEY_NSHumanReadableCopyright = "";
				LD_RUNPATH_SEARCH_PATHS = (
					"$(inherited)",
					"@executable_path/Frameworks",
					"@executable_path/../../Frameworks",
				);
				MARKETING_VERSION = 1.0;
				PRODUCT_BUNDLE_IDENTIFIER = com.orchard.app.DeviceActivityReportExtension;
				PRODUCT_NAME = "$(TARGET_NAME)";
				SKIP_INSTALL = YES;
				SUPPORTED_PLATFORMS = iphoneos;
				SUPPORTS_MACCATALYST = NO;
				SWIFT_EMIT_LOC_STRINGS = YES;
				SWIFT_VERSION = 5.0;
				TARGETED_DEVICE_FAMILY = "1,2";
			};
			name = Release;
		};
/* End XCBuildConfiguration section */

/* Begin XCConfigurationList section */
		A0000000003 /* Build configuration list for PBXProject "PomodoroApp" */ = {
			isa = XCConfigurationList;
			buildConfigurations = (
				A0000000004 /* Debug */,
				A0000000005 /* Release */,
			);
			defaultConfigurationIsVisible = 0;
			defaultConfigurationName = Release;
		};
		A1000050000 /* Build configuration list for PBXNativeTarget "PomodoroApp" */ = {
			isa = XCConfigurationList;
			buildConfigurations = (
				A1000051000 /* Debug */,
				A1000052000 /* Release */,
			);
			defaultConfigurationIsVisible = 0;
			defaultConfigurationName = Release;
		};
		A2000050000 /* Build configuration list for PBXNativeTarget "DeviceActivityMonitorExtension" */ = {
			isa = XCConfigurationList;
			buildConfigurations = (
				A2000051000 /* Debug */,
				A2000052000 /* Release */,
			);
			defaultConfigurationIsVisible = 0;
			defaultConfigurationName = Release;
		};
		A3000050000 /* Build configuration list for PBXNativeTarget "ShieldConfigurationExtension" */ = {
			isa = XCConfigurationList;
			buildConfigurations = (
				A3000051000 /* Debug */,
				A3000052000 /* Release */,
			);
			defaultConfigurationIsVisible = 0;
			defaultConfigurationName = Release;
		};
		A4000050000 /* Build configuration list for PBXNativeTarget "ShieldActionExtension" */ = {
			isa = XCConfigurationList;
			buildConfigurations = (
				A4000051000 /* Debug */,
				A4000052000 /* Release */,
			);
			defaultConfigurationIsVisible = 0;
			defaultConfigurationName = Release;
		};
		E5000050000 /* Build configuration list for PBXNativeTarget "DeviceActivityReportExtension" */ = {
			isa = XCConfigurationList;
			buildConfigurations = (
				E5000051000 /* Debug */,
				E5000052000 /* Release */,
			);
			defaultConfigurationIsVisible = 0;
			defaultConfigurationName = Release;
		};
/* End XCConfigurationList section */
	};
	rootObject = A0000000001 /* Project object */;
}
